{
  "version": 4,
  "terraform_version": "1.9.5",
  "serial": 329,
  "lineage": "f918e569-8653-e85c-35dd-46c0948f7c57",
  "outputs": {
    "resource-ids": {
      "value": "Environment ID:   env-qp67y6\nKafka Cluster ID: lkc-66z96q\n\nService Accounts and their Kafka API Keys (API Keys inherit the permissions granted to the owner):\nshiftleft-app-manager-d217a8e3:                     sa-1vom3z\nshiftleft-app-manager-d217a8e3's Kafka API Key:     \"SYAKEZOULOUJOIAO\"\nshiftleft-app-manager-d217a8e3's Kafka API Secret:  \"rn7Y392xM49cP3gY7qer8LqpXCE+ZNTGPBeBYk/EjXdfIYvM4GpJu+JkF8Tq2kpL\"\n\nsasl.jaas.config=org.apache.kafka.common.security.plain.PlainLoginModule required username=\"SYAKEZOULOUJOIAO\" password=\"rn7Y392xM49cP3gY7qer8LqpXCE+ZNTGPBeBYk/EjXdfIYvM4GpJu+JkF8Tq2kpL\";\nbootstrap.servers=SASL_SSL://pkc-921jm.us-east-2.aws.confluent.cloud:9092\nschema.registry.url= https://psrc-68gz8.us-east-2.aws.confluent.cloud\nschema.registry.basic.auth.user.info= \"R5Q7XHUWFVX73QEQ:rQeUtYSh0IKS8y6XTSD0bbHGE/W/to0uD5hh7AXsn84nBc7bf1rc/387yMr+SHm8\"\n\nRDS Endpoint: shiftleft-onlinestoredb.cpn5g1rckbdq.us-east-2.rds.amazonaws.com:5432\nKMS Key ARN: arn:aws:kms:us-east-2:550017254839:key/3e6ad20b-efdf-4b7d-a88c-c99894876652\n\nPrivateKey: \nMIIEogIBAAKCAQEAqfWaeqkdz1fI7sbukjrDhA3n4VbC6xpXhkggemG/bP1muZXn\ngqPK7V6PHX6d4bV4IO4xyXjsERoaFN4iGG3I2B3hn0e9PpHZH33QN1TSla7AlycY\nOz3lXCPCH+o9nRhrrCAfrzc+gCTzh2POiwJP7OMSEZw5wufJzCU+3RtWQ6C82VaD\nq6nACOX7oAhYkyFHgJXz5D/LltJLFlqdqt80p9jIodCMHI9JG1nH7R5f+GGtnTNq\nu20tb8JvBuxryKPAosAA5iytbtoptKujj262Ak6QsVeCzkYw5shBzOzsrCK5QBjC\nGtzLxh4rQMl50TI5qIKM1/wFK24IJDcLsBhtfQIDAQABAoIBAQCkUPh+OHzClmuE\nNr42kCuww0T4/knKxRfzkk4cI97Pv5oOORivnC24GiChcmWv7yNqKv/lekw5KJQo\nsq4iEhoIn7MfrFsRYC6bnKauqApEfsRiHoD13Zye3U90TaIt/Is0yYX4f5+kgpUT\nw3HPwXeGXe59Kh5KCpB2F1hUqnZXQD7zJuzoAwCfHbxjtrriuNDXuDxw1S2WOMoK\nt9hnaGF1jjUbChkpFYjidSbLWeieMn3CpHIrWURvWeJjHTfemjSRyPtJrHacfmdc\nQ/d4C7/mOb7YIToemDMoU1F52U3mWiOML7IcCBx+j+gov58SFsCmY2RKxZfKJkH4\nQhnbg9z9AoGBANz7XGIZZSbsMEM+3RRxDqEtU965CVwAP1pfjGacuEcclYVU9R6w\nR2yp3zBIBoRxqiIufRgjZPp5mfUnWuvfyw9yu+cHqEsawi44eWY1NWs2v06/tRq1\nEQKHjI+9Ape1cfJRkNZ6eFVAqBS+esE8qQ3DgPY38dXwceyvEW436YqDAoGBAMTk\nZc5UF26/qt2nZ+KOmw2op4n9rO3mVCsippdIdYZyZ2Saj2U/pfb9BBN3mJttAgIg\nAGIBKwHp0lhb05qNYo1I/saM+uLZDJGpcVSlG0jnhSsoKJPGd+Z41sTGvuUsP8b5\nknwWAX8rQlH2yZBy3UWu+HRXmuMTODX8AU/rtKf/AoGAbg3leZnKLbNNagAh3K9d\nqNnJPlALID2jT5/sbaI5iHjs4mVoWmtSdwS2+fW1ATsWj0V12ZKvFKuBCH4cIwLm\nv3/Vov7GSvk9ogVQOJ3hR88RQefqCy4IFalqUJ/CbcnYwOTsbFS8H0E/NG2U9y39\nx7QJQxajo3fHVSfvV2QTNH8CgYEArUaEAg0ngiPT77YASvZNpruilmJV6hgmQr//\n9GukYmoUbAlJ4UUefjs1dxxthXttpQkczSNSAiERKQnHM+Dxtn1jGsG/mhyCXz7L\nqj6TwJlgLRbufv7PTllSSWLPZUiH6EiDjgif0Jb1isSxpxoveb/+kAT5HpYvhfL+\nBKPfHWkCfzXiiO8nml1oiBWpbxggXSCmmkEhtAlR29EwPO4ZznlMZWQ72hNQzMaW\nRiNeyN7fvCBaGqXT/AYdMrWi5+Ki3DR6kzB6pHSIjJpfEyYEhD+Myu6EdJv54EF2\nU7y79JCdvDmolfIwPambKdM6TjHeAldyKkyBYglbChrpNfEFELo=\n\n\nPublicKey: \nMIIBIjANBgkqhkiG9w0BAQEFAAOCAQ8AMIIBCgKCAQEAqfWaeqkdz1fI7sbukjrD\nhA3n4VbC6xpXhkggemG/bP1muZXngqPK7V6PHX6d4bV4IO4xyXjsERoaFN4iGG3I\n2B3hn0e9PpHZH33QN1TSla7AlycYOz3lXCPCH+o9nRhrrCAfrzc+gCTzh2POiwJP\n7OMSEZw5wufJzCU+3RtWQ6C82VaDq6nACOX7oAhYkyFHgJXz5D/LltJLFlqdqt80\np9jIodCMHI9JG1nH7R5f+GGtnTNqu20tb8JvBuxryKPAosAA5iytbtoptKujj262\nAk6QsVeCzkYw5shBzOzsrCK5QBjCGtzLxh4rQMl50TI5qIKM1/wFK24IJDcLsBht\nfQIDAQAB\n\n\n\n",
      "type": "string",
      "sensitive": true
    }
  },
  "resources": [
    {
      "mode": "data",
      "type": "aws_caller_identity",
      "name": "current",
      "provider": "provider[\"registry.terraform.io/hashicorp/aws\"]",
      "instances": [
        {
          "schema_version": 0,
          "attributes": {
            "account_id": "550017254839",
            "arn": "arn:aws:iam::550017254839:user/tmm_admin",
            "id": "550017254839",
            "user_id": "AIDAYAD4VIW35SMIVYGLF"
          },
          "sensitive_attributes": []
        }
      ]
    },
    {
      "mode": "data",
      "type": "aws_security_group",
      "name": "default",
      "provider": "provider[\"registry.terraform.io/hashicorp/aws\"]",
      "instances": [
        {
          "schema_version": 0,
          "attributes": {
            "arn": "arn:aws:ec2:us-east-2:550017254839:security-group/sg-02ee47b993ad35028",
            "description": "default VPC security group",
            "filter": [
              {
                "name": "group-name",
                "values": [
                  "default"
                ]
              }
            ],
            "id": "sg-02ee47b993ad35028",
            "name": "default",
            "tags": {
              "divvy_last_modified": "None",
              "divvy_last_modified_by": "awabisabi@confluent.io",
              "divvy_owner_email": "None"
            },
            "timeouts": null,
            "vpc_id": "vpc-0c4195dac60ff381b"
          },
          "sensitive_attributes": []
        }
      ]
    },
    {
      "mode": "data",
      "type": "aws_vpc",
      "name": "default",
      "provider": "provider[\"registry.terraform.io/hashicorp/aws\"]",
      "instances": [
        {
          "schema_version": 0,
          "attributes": {
            "arn": "arn:aws:ec2:us-east-2:550017254839:vpc/vpc-0c4195dac60ff381b",
            "cidr_block": "172.31.0.0/16",
            "cidr_block_associations": [
              {
                "association_id": "vpc-cidr-assoc-04d57dfb96a2212dc",
                "cidr_block": "172.31.0.0/16",
                "state": "associated"
              }
            ],
            "default": true,
            "dhcp_options_id": "dopt-04afacb653dc8bb66",
            "enable_dns_hostnames": true,
            "enable_dns_support": true,
            "enable_network_address_usage_metrics": false,
            "filter": null,
            "id": "vpc-0c4195dac60ff381b",
            "instance_tenancy": "default",
            "ipv6_association_id": "",
            "ipv6_cidr_block": "",
            "main_route_table_id": "rtb-0163e426f46dec136",
            "owner_id": "550017254839",
            "state": null,
            "tags": {
              "divvy_last_modified": "None",
              "divvy_last_modified_by": "None",
              "divvy_owner_email": "None",
              "name": "Default VPC"
            },
            "timeouts": null
          },
          "sensitive_attributes": []
        }
      ]
    },
    {
      "mode": "data",
      "type": "confluent_schema_registry_cluster",
      "name": "sr-cluster",
      "provider": "provider[\"registry.terraform.io/confluentinc/confluent\"]",
      "instances": [
        {
          "schema_version": 0,
          "attributes": {
            "api_version": "srcm/v3",
            "catalog_endpoint": "https://psrc-68gz8.us-east-2.aws.confluent.cloud",
            "cloud": "AWS",
            "display_name": "Always On Stream Governance Package",
            "environment": [
              {
                "id": "env-qp67y6"
              }
            ],
            "id": "lsrc-zwn7w7",
            "kind": "Cluster",
            "package": "ADVANCED",
            "private_rest_endpoint": "",
            "region": "us-east-2",
            "resource_name": "crn://confluent.cloud/organization=1c2774ee-94b9-406c-ac22-36adca160c3b/environment=env-qp67y6/schema-registry=lsrc-zwn7w7",
            "rest_endpoint": "https://psrc-68gz8.us-east-2.aws.confluent.cloud"
          },
          "sensitive_attributes": []
        }
      ]
    },
    {
      "mode": "managed",
      "type": "aws_cloudwatch_log_group",
      "name": "payments-task-log-group",
      "provider": "provider[\"registry.terraform.io/hashicorp/aws\"]",
      "instances": [
        {
          "schema_version": 0,
          "attributes": {
            "arn": "arn:aws:logs:us-east-2:550017254839:log-group:/ecs/payments-task",
            "id": "/ecs/payments-task",
            "kms_key_id": "",
            "log_group_class": "STANDARD",
            "name": "/ecs/payments-task",
            "name_prefix": "",
            "retention_in_days": 0,
            "skip_destroy": false,
            "tags": null,
            "tags_all": {
              "Created_by": "Shift-left Terraform script",
              "Project": "Shift-left Demo",
              "owner_email": "azamzam@confluent.io"
            }
          },
          "sensitive_attributes": [],
          "private": "bnVsbA=="
        }
      ]
    },
    {
      "mode": "managed",
      "type": "aws_cloudwatch_log_group",
      "name": "yada",
      "provider": "provider[\"registry.terraform.io/hashicorp/aws\"]",
      "instances": [
        {
          "schema_version": 0,
          "attributes": {
            "arn": "arn:aws:logs:us-east-2:550017254839:log-group:/ecs/db-feeder-task",
            "id": "/ecs/db-feeder-task",
            "kms_key_id": "",
            "log_group_class": "STANDARD",
            "name": "/ecs/db-feeder-task",
            "name_prefix": "",
            "retention_in_days": 0,
            "skip_destroy": false,
            "tags": null,
            "tags_all": {
              "Created_by": "Shift-left Terraform script",
              "Project": "Shift-left Demo",
              "owner_email": "azamzam@confluent.io"
            }
          },
          "sensitive_attributes": [],
          "private": "bnVsbA=="
        }
      ]
    },
    {
      "mode": "managed",
      "type": "aws_db_instance",
      "name": "postgres_db",
      "provider": "provider[\"registry.terraform.io/hashicorp/aws\"]",
      "instances": [
        {
          "schema_version": 2,
          "attributes": {
            "address": "shiftleft-onlinestoredb.cpn5g1rckbdq.us-east-2.rds.amazonaws.com",
            "allocated_storage": 30,
            "allow_major_version_upgrade": null,
            "apply_immediately": true,
            "arn": "arn:aws:rds:us-east-2:550017254839:db:shiftleft-onlinestoredb",
            "auto_minor_version_upgrade": true,
            "availability_zone": "us-east-2a",
            "backup_retention_period": 0,
            "backup_target": "region",
            "backup_window": "06:42-07:12",
            "blue_green_update": [],
            "ca_cert_identifier": "rds-ca-rsa2048-g1",
            "character_set_name": "",
            "copy_tags_to_snapshot": false,
            "custom_iam_instance_profile": "",
            "customer_owned_ip_enabled": false,
            "db_name": "onlinestoredb",
            "db_subnet_group_name": "default",
            "dedicated_log_volume": false,
            "delete_automated_backups": true,
            "deletion_protection": false,
            "domain": "",
            "domain_auth_secret_arn": "",
            "domain_dns_ips": null,
            "domain_fqdn": "",
            "domain_iam_role_name": "",
            "domain_ou": "",
            "enabled_cloudwatch_logs_exports": null,
            "endpoint": "shiftleft-onlinestoredb.cpn5g1rckbdq.us-east-2.rds.amazonaws.com:5432",
            "engine": "postgres",
            "engine_lifecycle_support": "open-source-rds-extended-support",
            "engine_version": "16.4",
            "engine_version_actual": "16.4",
            "final_snapshot_identifier": null,
            "hosted_zone_id": "Z2XHWR1WZ565X2",
            "iam_database_authentication_enabled": false,
            "id": "db-IMF35GWQ4ZSSCURXGVJPGACE7I",
            "identifier": "shiftleft-onlinestoredb",
            "identifier_prefix": "",
            "instance_class": "db.t3.medium",
            "iops": 0,
            "kms_key_id": "",
            "latest_restorable_time": "",
            "license_model": "postgresql-license",
            "listener_endpoint": [],
            "maintenance_window": "sat:09:37-sat:10:07",
            "manage_master_user_password": null,
            "master_user_secret": [],
            "master_user_secret_kms_key_id": null,
            "max_allocated_storage": 0,
            "monitoring_interval": 0,
            "monitoring_role_arn": "",
            "multi_az": false,
            "nchar_character_set_name": "",
            "network_type": "IPV4",
            "option_group_name": "default:postgres-16",
            "parameter_group_name": "shiftleft-rds-pg-debezium",
            "password": "Admin123456!!",
            "performance_insights_enabled": false,
            "performance_insights_kms_key_id": "",
            "performance_insights_retention_period": 0,
            "port": 5432,
            "publicly_accessible": true,
            "replica_mode": "",
            "replicas": [],
            "replicate_source_db": "",
            "resource_id": "db-IMF35GWQ4ZSSCURXGVJPGACE7I",
            "restore_to_point_in_time": [],
            "s3_import": [],
            "skip_final_snapshot": true,
            "snapshot_identifier": null,
            "status": "available",
            "storage_encrypted": false,
            "storage_throughput": 0,
            "storage_type": "gp2",
            "tags": null,
            "tags_all": {
              "Created_by": "Shift-left Terraform script",
              "Project": "Shift-left Demo",
              "owner_email": "azamzam@confluent.io"
            },
            "timeouts": null,
            "timezone": "",
            "upgrade_storage_config": null,
            "username": "postgres",
            "vpc_security_group_ids": [
              "sg-02ee47b993ad35028"
            ]
          },
          "sensitive_attributes": [
            [
              {
                "type": "get_attr",
                "value": "password"
              }
            ]
          ],
          "private": "eyJlMmJmYjczMC1lY2FhLTExZTYtOGY4OC0zNDM2M2JjN2M0YzAiOnsiY3JlYXRlIjoyNDAwMDAwMDAwMDAwLCJkZWxldGUiOjM2MDAwMDAwMDAwMDAsInVwZGF0ZSI6NDgwMDAwMDAwMDAwMH0sInNjaGVtYV92ZXJzaW9uIjoiMiJ9",
          "dependencies": [
            "aws_db_parameter_group.pg_parameter_group"
          ]
        }
      ]
    },
    {
      "mode": "managed",
      "type": "aws_db_parameter_group",
      "name": "pg_parameter_group",
      "provider": "provider[\"registry.terraform.io/hashicorp/aws\"]",
      "instances": [
        {
          "schema_version": 0,
          "attributes": {
            "arn": "arn:aws:rds:us-east-2:550017254839:pg:shiftleft-rds-pg-debezium",
            "description": "Managed by Terraform",
            "family": "postgres16",
            "id": "shiftleft-rds-pg-debezium",
            "name": "shiftleft-rds-pg-debezium",
            "name_prefix": null,
            "parameter": [
              {
                "apply_method": "pending-reboot",
                "name": "rds.logical_replication",
                "value": "1"
              }
            ],
            "skip_destroy": false,
            "tags": null,
            "tags_all": {
              "Created_by": "Shift-left Terraform script",
              "Project": "Shift-left Demo",
              "owner_email": "azamzam@confluent.io"
            }
          },
          "sensitive_attributes": [],
          "private": "bnVsbA=="
        }
      ]
    },
    {
      "mode": "managed",
      "type": "aws_ecr_repository",
      "name": "dbfeeder_app_repo",
      "provider": "provider[\"registry.terraform.io/hashicorp/aws\"]",
      "instances": [
        {
          "schema_version": 0,
          "attributes": {
            "arn": "arn:aws:ecr:us-east-2:550017254839:repository/dbfeeder-app-repo",
            "encryption_configuration": [
              {
                "encryption_type": "AES256",
                "kms_key": ""
              }
            ],
            "force_delete": null,
            "id": "dbfeeder-app-repo",
            "image_scanning_configuration": [
              {
                "scan_on_push": false
              }
            ],
            "image_tag_mutability": "MUTABLE",
            "name": "dbfeeder-app-repo",
            "registry_id": "550017254839",
            "repository_url": "550017254839.dkr.ecr.us-east-2.amazonaws.com/dbfeeder-app-repo",
            "tags": null,
            "tags_all": {
              "Created_by": "Shift-left Terraform script",
              "Project": "Shift-left Demo",
              "owner_email": "azamzam@confluent.io"
            },
            "timeouts": null
          },
          "sensitive_attributes": [],
          "private": "eyJlMmJmYjczMC1lY2FhLTExZTYtOGY4OC0zNDM2M2JjN2M0YzAiOnsiZGVsZXRlIjoxMjAwMDAwMDAwMDAwfX0="
        }
      ]
    },
    {
      "mode": "managed",
      "type": "aws_ecr_repository",
      "name": "payment_app_repo",
      "provider": "provider[\"registry.terraform.io/hashicorp/aws\"]",
      "instances": [
        {
          "schema_version": 0,
          "attributes": {
            "arn": "arn:aws:ecr:us-east-2:550017254839:repository/payment-app-repo",
            "encryption_configuration": [
              {
                "encryption_type": "AES256",
                "kms_key": ""
              }
            ],
            "force_delete": null,
            "id": "payment-app-repo",
            "image_scanning_configuration": [
              {
                "scan_on_push": false
              }
            ],
            "image_tag_mutability": "MUTABLE",
            "name": "payment-app-repo",
            "registry_id": "550017254839",
            "repository_url": "550017254839.dkr.ecr.us-east-2.amazonaws.com/payment-app-repo",
            "tags": null,
            "tags_all": {
              "Created_by": "Shift-left Terraform script",
              "Project": "Shift-left Demo",
              "owner_email": "azamzam@confluent.io"
            },
            "timeouts": null
          },
          "sensitive_attributes": [],
          "private": "eyJlMmJmYjczMC1lY2FhLTExZTYtOGY4OC0zNDM2M2JjN2M0YzAiOnsiZGVsZXRlIjoxMjAwMDAwMDAwMDAwfX0="
        }
      ]
    },
    {
      "mode": "managed",
      "type": "aws_ecs_cluster",
      "name": "ecs_cluster",
      "provider": "provider[\"registry.terraform.io/hashicorp/aws\"]",
      "instances": [
        {
          "schema_version": 0,
          "attributes": {
            "arn": "arn:aws:ecs:us-east-2:550017254839:cluster/shiftleft-esc-cluster-d217a8e3",
            "configuration": [],
            "id": "arn:aws:ecs:us-east-2:550017254839:cluster/shiftleft-esc-cluster-d217a8e3",
            "name": "shiftleft-esc-cluster-d217a8e3",
            "service_connect_defaults": [],
            "setting": [
              {
                "name": "containerInsights",
                "value": "disabled"
              }
            ],
            "tags": null,
            "tags_all": {
              "Created_by": "Shift-left Terraform script",
              "Project": "Shift-left Demo",
              "owner_email": "azamzam@confluent.io"
            }
          },
          "sensitive_attributes": [],
          "private": "bnVsbA==",
          "dependencies": [
            "random_id.env_display_id"
          ]
        }
      ]
    },
    {
      "mode": "managed",
      "type": "aws_ecs_service",
      "name": "dbfeeder_app_service",
      "provider": "provider[\"registry.terraform.io/hashicorp/aws\"]",
      "instances": [
        {
          "schema_version": 1,
          "attributes": {
            "alarms": [],
            "capacity_provider_strategy": [],
            "cluster": "arn:aws:ecs:us-east-2:550017254839:cluster/shiftleft-esc-cluster-d217a8e3",
            "deployment_circuit_breaker": [
              {
                "enable": false,
                "rollback": false
              }
            ],
            "deployment_controller": [
              {
                "type": "ECS"
              }
            ],
            "deployment_maximum_percent": 200,
            "deployment_minimum_healthy_percent": 100,
            "desired_count": 1,
            "enable_ecs_managed_tags": false,
            "enable_execute_command": false,
            "force_delete": null,
            "force_new_deployment": null,
            "health_check_grace_period_seconds": 0,
            "iam_role": "/aws-service-role/ecs.amazonaws.com/AWSServiceRoleForECS",
            "id": "arn:aws:ecs:us-east-2:550017254839:service/shiftleft-esc-cluster-d217a8e3/dbfeeder-app-service",
            "launch_type": "FARGATE",
            "load_balancer": [],
            "name": "dbfeeder-app-service",
            "network_configuration": [
              {
                "assign_public_ip": true,
                "security_groups": [
                  "sg-0e52c301a512fd331"
                ],
                "subnets": [
                  "subnet-083ba5e7a1700b87d"
                ]
              }
            ],
            "ordered_placement_strategy": [],
            "placement_constraints": [],
            "platform_version": "LATEST",
            "propagate_tags": "NONE",
            "scheduling_strategy": "REPLICA",
            "service_connect_configuration": [],
            "service_registries": [],
            "tags": null,
            "tags_all": {
              "Created_by": "Shift-left Terraform script",
              "Project": "Shift-left Demo",
              "owner_email": "azamzam@confluent.io"
            },
            "task_definition": "arn:aws:ecs:us-east-2:550017254839:task-definition/dbfeeder-app-task:15",
            "timeouts": null,
            "triggers": {},
            "volume_configuration": [],
            "wait_for_steady_state": false
          },
          "sensitive_attributes": [],
          "private": "eyJlMmJmYjczMC1lY2FhLTExZTYtOGY4OC0zNDM2M2JjN2M0YzAiOnsiY3JlYXRlIjoxMjAwMDAwMDAwMDAwLCJkZWxldGUiOjEyMDAwMDAwMDAwMDAsInVwZGF0ZSI6MTIwMDAwMDAwMDAwMH0sInNjaGVtYV92ZXJzaW9uIjoiMSJ9",
          "dependencies": [
            "aws_db_instance.postgres_db",
            "aws_db_parameter_group.pg_parameter_group",
            "aws_ecr_repository.dbfeeder_app_repo",
            "aws_ecs_cluster.ecs_cluster",
            "aws_ecs_task_definition.dbfeeder_app_task",
            "aws_iam_access_key.payments_app_aws_key",
            "aws_iam_role.ecs_container_role",
            "aws_iam_role.ecs_task_execution_role",
            "aws_iam_user.payments_app_user",
            "aws_kms_key.kms_key",
            "aws_security_group.ecs_sg",
            "aws_subnet.public_subnet",
            "aws_vpc.ecs_vpc",
            "confluent_api_key.app-manager-kafka-api-key",
            "confluent_api_key.app-manager-schema-registry-api-key",
            "confluent_environment.staging",
            "confluent_kafka_cluster.standard",
            "confluent_role_binding.app-manager-kafka-cluster-admin",
            "confluent_service_account.app-manager",
            "data.aws_caller_identity.current",
            "data.confluent_schema_registry_cluster.sr-cluster",
            "local_file.db_feeder_properties",
            "local_file.payment_app_dqr",
            "local_file.payment_app_properties",
            "null_resource.build_and_push_dbfeeder_app",
            "null_resource.create_tables",
            "random_id.env_display_id"
          ]
        }
      ]
    },
    {
      "mode": "managed",
      "type": "aws_ecs_service",
      "name": "payment_app_service",
      "provider": "provider[\"registry.terraform.io/hashicorp/aws\"]",
      "instances": [
        {
          "schema_version": 1,
          "attributes": {
            "alarms": [],
            "capacity_provider_strategy": [],
            "cluster": "arn:aws:ecs:us-east-2:550017254839:cluster/shiftleft-esc-cluster-d217a8e3",
            "deployment_circuit_breaker": [
              {
                "enable": false,
                "rollback": false
              }
            ],
            "deployment_controller": [
              {
                "type": "ECS"
              }
            ],
            "deployment_maximum_percent": 200,
            "deployment_minimum_healthy_percent": 100,
            "desired_count": 1,
            "enable_ecs_managed_tags": false,
            "enable_execute_command": false,
            "force_delete": null,
            "force_new_deployment": null,
            "health_check_grace_period_seconds": 0,
            "iam_role": "/aws-service-role/ecs.amazonaws.com/AWSServiceRoleForECS",
            "id": "arn:aws:ecs:us-east-2:550017254839:service/shiftleft-esc-cluster-d217a8e3/payment-app-service",
            "launch_type": "FARGATE",
            "load_balancer": [],
            "name": "payment-app-service",
            "network_configuration": [
              {
                "assign_public_ip": true,
                "security_groups": [
                  "sg-0e52c301a512fd331"
                ],
                "subnets": [
                  "subnet-083ba5e7a1700b87d"
                ]
              }
            ],
            "ordered_placement_strategy": [],
            "placement_constraints": [],
            "platform_version": "LATEST",
            "propagate_tags": "NONE",
            "scheduling_strategy": "REPLICA",
            "service_connect_configuration": [],
            "service_registries": [],
            "tags": null,
            "tags_all": {
              "Created_by": "Shift-left Terraform script",
              "Project": "Shift-left Demo",
              "owner_email": "azamzam@confluent.io"
            },
            "task_definition": "arn:aws:ecs:us-east-2:550017254839:task-definition/payment-app-task:8",
            "timeouts": null,
            "triggers": {},
            "volume_configuration": [],
            "wait_for_steady_state": false
          },
          "sensitive_attributes": [],
          "private": "eyJlMmJmYjczMC1lY2FhLTExZTYtOGY4OC0zNDM2M2JjN2M0YzAiOnsiY3JlYXRlIjoxMjAwMDAwMDAwMDAwLCJkZWxldGUiOjEyMDAwMDAwMDAwMDAsInVwZGF0ZSI6MTIwMDAwMDAwMDAwMH0sInNjaGVtYV92ZXJzaW9uIjoiMSJ9",
          "dependencies": [
            "aws_db_instance.postgres_db",
            "aws_db_parameter_group.pg_parameter_group",
            "aws_ecr_repository.payment_app_repo",
            "aws_ecs_cluster.ecs_cluster",
            "aws_ecs_task_definition.payment_app_task",
            "aws_iam_access_key.payments_app_aws_key",
            "aws_iam_role.ecs_container_role",
            "aws_iam_role.ecs_task_execution_role",
            "aws_iam_user.payments_app_user",
            "aws_kms_key.kms_key",
            "aws_security_group.ecs_sg",
            "aws_subnet.public_subnet",
            "aws_vpc.ecs_vpc",
            "confluent_api_key.app-manager-kafka-api-key",
            "confluent_api_key.app-manager-schema-registry-api-key",
            "confluent_environment.staging",
            "confluent_kafka_cluster.standard",
            "confluent_kafka_topic.error-payments-topic",
            "confluent_kafka_topic.payments-topic",
            "confluent_role_binding.app-manager-kafka-cluster-admin",
            "confluent_schema.avro-payments",
            "confluent_service_account.app-manager",
            "confluent_tag.pii_tag",
            "data.aws_caller_identity.current",
            "data.confluent_schema_registry_cluster.sr-cluster",
            "local_file.db_feeder_properties",
            "local_file.payment_app_dqr",
            "local_file.payment_app_properties",
            "null_resource.build_and_push_payment_app",
            "null_resource.create_tables",
            "random_id.env_display_id"
          ]
        }
      ]
    },
    {
      "mode": "managed",
      "type": "aws_ecs_task_definition",
      "name": "dbfeeder_app_task",
      "provider": "provider[\"registry.terraform.io/hashicorp/aws\"]",
      "instances": [
        {
          "schema_version": 1,
          "attributes": {
            "arn": "arn:aws:ecs:us-east-2:550017254839:task-definition/dbfeeder-app-task:15",
            "arn_without_revision": "arn:aws:ecs:us-east-2:550017254839:task-definition/dbfeeder-app-task",
            "container_definitions": "[{\"environment\":[],\"essential\":true,\"image\":\"550017254839.dkr.ecr.us-east-2.amazonaws.com/dbfeeder-app-repo:latest\",\"logConfiguration\":{\"logDriver\":\"awslogs\",\"options\":{\"awslogs-group\":\"/ecs/db-feeder-task\",\"awslogs-region\":\"us-east-2\",\"awslogs-stream-prefix\":\"ecs\"}},\"mountPoints\":[],\"name\":\"dbfeeder-app\",\"portMappings\":[{\"containerPort\":80,\"hostPort\":80,\"protocol\":\"tcp\"}],\"systemControls\":[],\"volumesFrom\":[]}]",
            "cpu": "256",
            "ephemeral_storage": [],
            "execution_role_arn": "arn:aws:iam::550017254839:role/ecsTaskExecutionRole_d217a8e3",
            "family": "dbfeeder-app-task",
            "id": "dbfeeder-app-task",
            "inference_accelerator": [],
            "ipc_mode": "",
            "memory": "512",
            "network_mode": "awsvpc",
            "pid_mode": "",
            "placement_constraints": [],
            "proxy_configuration": [],
            "requires_compatibilities": [
              "FARGATE"
            ],
            "revision": 15,
            "runtime_platform": [],
            "skip_destroy": false,
            "tags": null,
            "tags_all": {
              "Created_by": "Shift-left Terraform script",
              "Project": "Shift-left Demo",
              "owner_email": "azamzam@confluent.io"
            },
            "task_role_arn": "arn:aws:iam::550017254839:role/ecsTaskRole_d217a8e3",
            "track_latest": false,
            "volume": []
          },
          "sensitive_attributes": [],
          "private": "eyJzY2hlbWFfdmVyc2lvbiI6IjEifQ==",
          "dependencies": [
            "aws_ecr_repository.dbfeeder_app_repo",
            "aws_iam_role.ecs_container_role",
            "aws_iam_role.ecs_task_execution_role",
            "random_id.env_display_id"
          ]
        }
      ]
    },
    {
      "mode": "managed",
      "type": "aws_ecs_task_definition",
      "name": "payment_app_task",
      "provider": "provider[\"registry.terraform.io/hashicorp/aws\"]",
      "instances": [
        {
          "schema_version": 1,
          "attributes": {
            "arn": "arn:aws:ecs:us-east-2:550017254839:task-definition/payment-app-task:8",
            "arn_without_revision": "arn:aws:ecs:us-east-2:550017254839:task-definition/payment-app-task",
            "container_definitions": "[{\"environment\":[],\"essential\":true,\"image\":\"550017254839.dkr.ecr.us-east-2.amazonaws.com/payment-app-repo:latest\",\"logConfiguration\":{\"logDriver\":\"awslogs\",\"options\":{\"awslogs-group\":\"/ecs/payments-task\",\"awslogs-region\":\"us-east-2\",\"awslogs-stream-prefix\":\"ecs\"}},\"mountPoints\":[],\"name\":\"payment-app\",\"portMappings\":[{\"containerPort\":80,\"hostPort\":80,\"protocol\":\"tcp\"}],\"systemControls\":[],\"volumesFrom\":[]}]",
            "cpu": "256",
            "ephemeral_storage": [],
            "execution_role_arn": "arn:aws:iam::550017254839:role/ecsTaskExecutionRole_d217a8e3",
            "family": "payment-app-task",
            "id": "payment-app-task",
            "inference_accelerator": [],
            "ipc_mode": "",
            "memory": "512",
            "network_mode": "awsvpc",
            "pid_mode": "",
            "placement_constraints": [],
            "proxy_configuration": [],
            "requires_compatibilities": [
              "FARGATE"
            ],
            "revision": 8,
            "runtime_platform": [],
            "skip_destroy": false,
            "tags": null,
            "tags_all": {
              "Created_by": "Shift-left Terraform script",
              "Project": "Shift-left Demo",
              "owner_email": "azamzam@confluent.io"
            },
            "task_role_arn": "arn:aws:iam::550017254839:role/ecsTaskRole_d217a8e3",
            "track_latest": false,
            "volume": []
          },
          "sensitive_attributes": [],
          "private": "eyJzY2hlbWFfdmVyc2lvbiI6IjEifQ==",
          "dependencies": [
            "aws_ecr_repository.payment_app_repo",
            "aws_iam_role.ecs_container_role",
            "aws_iam_role.ecs_task_execution_role",
            "random_id.env_display_id"
          ]
        }
      ]
    },
    {
      "mode": "managed",
      "type": "aws_iam_access_key",
      "name": "payments_app_aws_key",
      "provider": "provider[\"registry.terraform.io/hashicorp/aws\"]",
      "instances": [
        {
          "schema_version": 0,
          "attributes": {
            "create_date": "2024-10-23T10:35:39Z",
            "encrypted_secret": null,
            "encrypted_ses_smtp_password_v4": null,
            "id": "AKIAYAD4VIW3ZTYO67MT",
            "key_fingerprint": null,
            "pgp_key": null,
            "secret": "XbUanTpmsZoAKgvKWOAxgUGJHgDs841YxEq/mY9b",
            "ses_smtp_password_v4": "BNaSvD9n7YW9ajtVVJXQabAL8/REFeTXv4isRU3+nu3f",
            "status": "Active",
            "user": "payments_app_user_d217a8e3"
          },
          "sensitive_attributes": [
            [
              {
                "type": "get_attr",
                "value": "secret"
              }
            ],
            [
              {
                "type": "get_attr",
                "value": "ses_smtp_password_v4"
              }
            ]
          ],
          "private": "bnVsbA==",
          "dependencies": [
            "aws_iam_user.payments_app_user",
            "random_id.env_display_id"
          ]
        }
      ]
    },
    {
      "mode": "managed",
      "type": "aws_iam_role",
      "name": "ecs_container_role",
      "provider": "provider[\"registry.terraform.io/hashicorp/aws\"]",
      "instances": [
        {
          "schema_version": 0,
          "attributes": {
            "arn": "arn:aws:iam::550017254839:role/ecsTaskRole_d217a8e3",
            "assume_role_policy": "{\"Statement\":[{\"Action\":\"sts:AssumeRole\",\"Effect\":\"Allow\",\"Principal\":{\"Service\":\"ecs-tasks.amazonaws.com\"}}],\"Version\":\"2012-10-17\"}",
            "create_date": "2024-10-23T10:35:39Z",
            "description": "",
            "force_detach_policies": false,
            "id": "ecsTaskRole_d217a8e3",
            "inline_policy": [],
            "managed_policy_arns": [],
            "max_session_duration": 3600,
            "name": "ecsTaskRole_d217a8e3",
            "name_prefix": "",
            "path": "/",
            "permissions_boundary": "",
            "tags": null,
            "tags_all": {
              "Created_by": "Shift-left Terraform script",
              "Project": "Shift-left Demo",
              "owner_email": "azamzam@confluent.io"
            },
            "unique_id": "AROAYAD4VIW3XACZMJT6V"
          },
          "sensitive_attributes": [],
          "private": "bnVsbA==",
          "dependencies": [
            "random_id.env_display_id"
          ]
        }
      ]
    },
    {
      "mode": "managed",
      "type": "aws_iam_role",
      "name": "ecs_task_execution_role",
      "provider": "provider[\"registry.terraform.io/hashicorp/aws\"]",
      "instances": [
        {
          "schema_version": 0,
          "attributes": {
            "arn": "arn:aws:iam::550017254839:role/ecsTaskExecutionRole_d217a8e3",
            "assume_role_policy": "{\"Statement\":[{\"Action\":\"sts:AssumeRole\",\"Effect\":\"Allow\",\"Principal\":{\"Service\":\"ecs-tasks.amazonaws.com\"}}],\"Version\":\"2012-10-17\"}",
            "create_date": "2024-10-23T10:35:39Z",
            "description": "",
            "force_detach_policies": false,
            "id": "ecsTaskExecutionRole_d217a8e3",
            "inline_policy": [],
            "managed_policy_arns": [
              "arn:aws:iam::aws:policy/service-role/AmazonECSTaskExecutionRolePolicy"
            ],
            "max_session_duration": 3600,
            "name": "ecsTaskExecutionRole_d217a8e3",
            "name_prefix": "",
            "path": "/",
            "permissions_boundary": "",
            "tags": null,
            "tags_all": {
              "Created_by": "Shift-left Terraform script",
              "Project": "Shift-left Demo",
              "owner_email": "azamzam@confluent.io"
            },
            "unique_id": "AROAYAD4VIW3UJG3BRH4X"
          },
          "sensitive_attributes": [],
          "private": "bnVsbA==",
          "dependencies": [
            "random_id.env_display_id"
          ]
        }
      ]
    },
    {
      "mode": "managed",
      "type": "aws_iam_role_policy",
      "name": "kms_usage_policy",
      "provider": "provider[\"registry.terraform.io/hashicorp/aws\"]",
      "instances": [
        {
          "schema_version": 0,
          "attributes": {
            "id": "ecsTaskRole_d217a8e3:kms_usage_policy_d217a8e3",
            "name": "kms_usage_policy_d217a8e3",
            "name_prefix": "",
            "policy": "{\"Version\":\"2012-10-17\",\"Statement\":[{\"Action\":[\"kms:*\"],\"Effect\":\"Allow\",\"Resource\":\"*\"}]}",
            "role": "ecsTaskRole_d217a8e3"
          },
          "sensitive_attributes": [],
          "private": "bnVsbA==",
          "dependencies": [
            "aws_iam_role.ecs_container_role",
            "random_id.env_display_id"
          ]
        }
      ]
    },
    {
      "mode": "managed",
      "type": "aws_iam_user",
      "name": "payments_app_user",
      "provider": "provider[\"registry.terraform.io/hashicorp/aws\"]",
      "instances": [
        {
          "schema_version": 0,
          "attributes": {
            "arn": "arn:aws:iam::550017254839:user/payments_app_user_d217a8e3",
            "force_destroy": false,
            "id": "payments_app_user_d217a8e3",
            "name": "payments_app_user_d217a8e3",
            "path": "/",
            "permissions_boundary": "",
            "tags": null,
            "tags_all": {
              "Created_by": "Shift-left Terraform script",
              "Project": "Shift-left Demo",
              "owner_email": "azamzam@confluent.io"
            },
            "unique_id": "AIDAYAD4VIW35CHPXYYIB"
          },
          "sensitive_attributes": [],
          "private": "bnVsbA==",
          "dependencies": [
            "random_id.env_display_id"
          ]
        }
      ]
    },
    {
      "mode": "managed",
      "type": "aws_iam_user_policy",
      "name": "payments_app_iam_policy",
      "provider": "provider[\"registry.terraform.io/hashicorp/aws\"]",
      "instances": [
        {
          "schema_version": 0,
          "attributes": {
            "id": "payments_app_user_d217a8e3:payments_app_iam_policy__d217a8e3",
            "name": "payments_app_iam_policy__d217a8e3",
            "name_prefix": "",
            "policy": "{\"Version\":\"2012-10-17\",\"Statement\":[{\"Action\":[\"kms:*\"],\"Effect\":\"Allow\",\"Resource\":\"*\"}]}",
            "user": "payments_app_user_d217a8e3"
          },
          "sensitive_attributes": [],
          "private": "bnVsbA==",
          "dependencies": [
            "aws_iam_user.payments_app_user",
            "random_id.env_display_id"
          ]
        }
      ]
    },
    {
      "mode": "managed",
      "type": "aws_internet_gateway",
      "name": "igw",
      "provider": "provider[\"registry.terraform.io/hashicorp/aws\"]",
      "instances": [
        {
          "schema_version": 0,
          "attributes": {
            "arn": "arn:aws:ec2:us-east-2:550017254839:internet-gateway/igw-04b95d7745681c8ca",
            "id": "igw-04b95d7745681c8ca",
            "owner_id": "550017254839",
            "tags": null,
            "tags_all": {
              "Created_by": "Shift-left Terraform script",
              "Project": "Shift-left Demo",
              "owner_email": "azamzam@confluent.io"
            },
            "timeouts": null,
            "vpc_id": "vpc-0e058f91730eb6826"
          },
          "sensitive_attributes": [],
          "private": "eyJlMmJmYjczMC1lY2FhLTExZTYtOGY4OC0zNDM2M2JjN2M0YzAiOnsiY3JlYXRlIjoxMjAwMDAwMDAwMDAwLCJkZWxldGUiOjEyMDAwMDAwMDAwMDAsInVwZGF0ZSI6MTIwMDAwMDAwMDAwMH19",
          "dependencies": [
            "aws_vpc.ecs_vpc"
          ]
        }
      ]
    },
    {
      "mode": "managed",
      "type": "aws_kms_alias",
      "name": "kms_key_alias",
      "provider": "provider[\"registry.terraform.io/hashicorp/aws\"]",
      "instances": [
        {
          "schema_version": 0,
          "attributes": {
            "arn": "arn:aws:kms:us-east-2:550017254839:alias/shiftleft_csfle_key",
            "id": "alias/shiftleft_csfle_key",
            "name": "alias/shiftleft_csfle_key",
            "name_prefix": "",
            "target_key_arn": "arn:aws:kms:us-east-2:550017254839:key/3e6ad20b-efdf-4b7d-a88c-c99894876652",
            "target_key_id": "3e6ad20b-efdf-4b7d-a88c-c99894876652"
          },
          "sensitive_attributes": [],
          "private": "bnVsbA==",
          "dependencies": [
            "aws_iam_user.payments_app_user",
            "aws_kms_key.kms_key",
            "data.aws_caller_identity.current",
            "random_id.env_display_id"
          ]
        }
      ]
    },
    {
      "mode": "managed",
      "type": "aws_kms_key",
      "name": "kms_key",
      "provider": "provider[\"registry.terraform.io/hashicorp/aws\"]",
      "instances": [
        {
          "schema_version": 0,
          "attributes": {
            "arn": "arn:aws:kms:us-east-2:550017254839:key/3e6ad20b-efdf-4b7d-a88c-c99894876652",
            "bypass_policy_lockout_safety_check": false,
            "custom_key_store_id": "",
            "customer_master_key_spec": "SYMMETRIC_DEFAULT",
            "deletion_window_in_days": null,
            "description": "An symmetric encryption KMS key used for CSFLE",
            "enable_key_rotation": false,
            "id": "3e6ad20b-efdf-4b7d-a88c-c99894876652",
            "is_enabled": true,
            "key_id": "3e6ad20b-efdf-4b7d-a88c-c99894876652",
            "key_usage": "ENCRYPT_DECRYPT",
            "multi_region": false,
            "policy": "{\"Id\":\"key-default-1\",\"Statement\":[{\"Action\":\"kms:*\",\"Effect\":\"Allow\",\"Principal\":{\"AWS\":\"arn:aws:iam::550017254839:user/tmm_admin\"},\"Resource\":\"*\",\"Sid\":\"Enable IAM User Permissions\"},{\"Action\":[\"kms:DescribeKey\",\"kms:GetKeyPolicy\"],\"Effect\":\"Allow\",\"Principal\":{\"AWS\":\"*\"},\"Resource\":\"*\",\"Sid\":\"Enable Any IAM User Permission to DESCRIBE\"},{\"Action\":[\"kms:DescribeKey\",\"kms:Encrypt\",\"kms:Decrypt\",\"kms:ReEncrypt*\",\"kms:GenerateDataKey\",\"kms:GenerateDataKeyWithoutPlaintext\"],\"Effect\":\"Allow\",\"Principal\":{\"AWS\":\"arn:aws:iam::550017254839:user/payments_app_user_d217a8e3\"},\"Resource\":\"*\",\"Sid\":\"Allow use of the key\"}],\"Version\":\"2012-10-17\"}",
            "rotation_period_in_days": 0,
            "tags": null,
            "tags_all": {
              "Created_by": "Shift-left Terraform script",
              "Project": "Shift-left Demo",
              "owner_email": "azamzam@confluent.io"
            },
            "timeouts": null,
            "xks_key_id": ""
          },
          "sensitive_attributes": [],
          "private": "eyJlMmJmYjczMC1lY2FhLTExZTYtOGY4OC0zNDM2M2JjN2M0YzAiOnsiY3JlYXRlIjoxMjAwMDAwMDAwMDB9fQ==",
          "dependencies": [
            "aws_iam_user.payments_app_user",
            "data.aws_caller_identity.current",
            "random_id.env_display_id"
          ]
        }
      ]
    },
    {
      "mode": "managed",
      "type": "aws_route_table",
      "name": "public_route_table",
      "provider": "provider[\"registry.terraform.io/hashicorp/aws\"]",
      "instances": [
        {
          "schema_version": 0,
          "attributes": {
            "arn": "arn:aws:ec2:us-east-2:550017254839:route-table/rtb-06d7b5ae526351a7d",
            "id": "rtb-06d7b5ae526351a7d",
            "owner_id": "550017254839",
            "propagating_vgws": [],
            "route": [
              {
                "carrier_gateway_id": "",
                "cidr_block": "0.0.0.0/0",
                "core_network_arn": "",
                "destination_prefix_list_id": "",
                "egress_only_gateway_id": "",
                "gateway_id": "igw-04b95d7745681c8ca",
                "ipv6_cidr_block": "",
                "local_gateway_id": "",
                "nat_gateway_id": "",
                "network_interface_id": "",
                "transit_gateway_id": "",
                "vpc_endpoint_id": "",
                "vpc_peering_connection_id": ""
              }
            ],
            "tags": null,
            "tags_all": {
              "Created_by": "Shift-left Terraform script",
              "Project": "Shift-left Demo",
              "owner_email": "azamzam@confluent.io"
            },
            "timeouts": null,
            "vpc_id": "vpc-0e058f91730eb6826"
          },
          "sensitive_attributes": [],
          "private": "eyJlMmJmYjczMC1lY2FhLTExZTYtOGY4OC0zNDM2M2JjN2M0YzAiOnsiY3JlYXRlIjozMDAwMDAwMDAwMDAsImRlbGV0ZSI6MzAwMDAwMDAwMDAwLCJ1cGRhdGUiOjEyMDAwMDAwMDAwMH19",
          "dependencies": [
            "aws_internet_gateway.igw",
            "aws_vpc.ecs_vpc"
          ]
        }
      ]
    },
    {
      "mode": "managed",
      "type": "aws_route_table_association",
      "name": "public_route_table_association",
      "provider": "provider[\"registry.terraform.io/hashicorp/aws\"]",
      "instances": [
        {
          "schema_version": 0,
          "attributes": {
            "gateway_id": "",
            "id": "rtbassoc-09689899230146b3e",
            "route_table_id": "rtb-06d7b5ae526351a7d",
            "subnet_id": "subnet-083ba5e7a1700b87d",
            "timeouts": null
          },
          "sensitive_attributes": [],
          "private": "eyJlMmJmYjczMC1lY2FhLTExZTYtOGY4OC0zNDM2M2JjN2M0YzAiOnsiY3JlYXRlIjozMDAwMDAwMDAwMDAsImRlbGV0ZSI6MzAwMDAwMDAwMDAwLCJ1cGRhdGUiOjEyMDAwMDAwMDAwMH19",
          "dependencies": [
            "aws_internet_gateway.igw",
            "aws_route_table.public_route_table",
            "aws_subnet.public_subnet",
            "aws_vpc.ecs_vpc"
          ]
        }
      ]
    },
    {
      "mode": "managed",
      "type": "aws_security_group",
      "name": "ecs_sg",
      "provider": "provider[\"registry.terraform.io/hashicorp/aws\"]",
      "instances": [
        {
          "schema_version": 1,
          "attributes": {
            "arn": "arn:aws:ec2:us-east-2:550017254839:security-group/sg-0e52c301a512fd331",
            "description": "Managed by Terraform",
            "egress": [
              {
                "cidr_blocks": [
                  "0.0.0.0/0"
                ],
                "description": "",
                "from_port": 0,
                "ipv6_cidr_blocks": [],
                "prefix_list_ids": [],
                "protocol": "-1",
                "security_groups": [],
                "self": false,
                "to_port": 0
              }
            ],
            "id": "sg-0e52c301a512fd331",
            "ingress": [
              {
                "cidr_blocks": [
                  "0.0.0.0/0"
                ],
                "description": "",
                "from_port": 80,
                "ipv6_cidr_blocks": [],
                "prefix_list_ids": [],
                "protocol": "tcp",
                "security_groups": [],
                "self": false,
                "to_port": 80
              }
            ],
            "name": "terraform-20241023103541653000000001",
            "name_prefix": "terraform-",
            "owner_id": "550017254839",
            "revoke_rules_on_delete": false,
            "tags": null,
            "tags_all": {
              "Created_by": "Shift-left Terraform script",
              "Project": "Shift-left Demo",
              "owner_email": "azamzam@confluent.io"
            },
            "timeouts": null,
            "vpc_id": "vpc-0e058f91730eb6826"
          },
          "sensitive_attributes": [],
          "private": "eyJlMmJmYjczMC1lY2FhLTExZTYtOGY4OC0zNDM2M2JjN2M0YzAiOnsiY3JlYXRlIjo2MDAwMDAwMDAwMDAsImRlbGV0ZSI6OTAwMDAwMDAwMDAwfSwic2NoZW1hX3ZlcnNpb24iOiIxIn0=",
          "dependencies": [
            "aws_vpc.ecs_vpc"
          ]
        }
      ]
    },
    {
      "mode": "managed",
      "type": "aws_security_group_rule",
      "name": "allow_inbound_postgres",
      "provider": "provider[\"registry.terraform.io/hashicorp/aws\"]",
      "instances": [
        {
          "schema_version": 2,
          "attributes": {
            "cidr_blocks": [
              "0.0.0.0/0"
            ],
            "description": null,
            "from_port": 5432,
            "id": "sgrule-3991081066",
            "ipv6_cidr_blocks": null,
            "prefix_list_ids": null,
            "protocol": "tcp",
            "security_group_id": "sg-02ee47b993ad35028",
            "security_group_rule_id": "sgr-05680219e52f20689",
            "self": false,
            "source_security_group_id": null,
            "timeouts": null,
            "to_port": 5432,
            "type": "ingress"
          },
          "sensitive_attributes": [],
          "private": "eyJlMmJmYjczMC1lY2FhLTExZTYtOGY4OC0zNDM2M2JjN2M0YzAiOnsiY3JlYXRlIjozMDAwMDAwMDAwMDB9LCJzY2hlbWFfdmVyc2lvbiI6IjIifQ==",
          "dependencies": [
            "data.aws_security_group.default",
            "data.aws_vpc.default"
          ]
        }
      ]
    },
    {
      "mode": "managed",
      "type": "aws_security_group_rule",
      "name": "allow_outbound_postgres",
      "provider": "provider[\"registry.terraform.io/hashicorp/aws\"]",
      "instances": [
        {
          "schema_version": 2,
          "attributes": {
            "cidr_blocks": [
              "0.0.0.0/0"
            ],
            "description": null,
            "from_port": 5432,
            "id": "sgrule-1363468246",
            "ipv6_cidr_blocks": null,
            "prefix_list_ids": null,
            "protocol": "tcp",
            "security_group_id": "sg-02ee47b993ad35028",
            "security_group_rule_id": "sgr-02e1f7be1a01dae31",
            "self": false,
            "source_security_group_id": null,
            "timeouts": null,
            "to_port": 5432,
            "type": "egress"
          },
          "sensitive_attributes": [],
          "private": "eyJlMmJmYjczMC1lY2FhLTExZTYtOGY4OC0zNDM2M2JjN2M0YzAiOnsiY3JlYXRlIjozMDAwMDAwMDAwMDB9LCJzY2hlbWFfdmVyc2lvbiI6IjIifQ==",
          "dependencies": [
            "data.aws_security_group.default",
            "data.aws_vpc.default"
          ]
        }
      ]
    },
    {
      "mode": "managed",
      "type": "aws_subnet",
      "name": "public_subnet",
      "provider": "provider[\"registry.terraform.io/hashicorp/aws\"]",
      "instances": [
        {
          "schema_version": 1,
          "attributes": {
            "arn": "arn:aws:ec2:us-east-2:550017254839:subnet/subnet-083ba5e7a1700b87d",
            "assign_ipv6_address_on_creation": false,
            "availability_zone": "us-east-2a",
            "availability_zone_id": "use2-az1",
            "cidr_block": "10.0.1.0/24",
            "customer_owned_ipv4_pool": "",
            "enable_dns64": false,
            "enable_lni_at_device_index": 0,
            "enable_resource_name_dns_a_record_on_launch": false,
            "enable_resource_name_dns_aaaa_record_on_launch": false,
            "id": "subnet-083ba5e7a1700b87d",
            "ipv6_cidr_block": "",
            "ipv6_cidr_block_association_id": "",
            "ipv6_native": false,
            "map_customer_owned_ip_on_launch": false,
            "map_public_ip_on_launch": true,
            "outpost_arn": "",
            "owner_id": "550017254839",
            "private_dns_hostname_type_on_launch": "ip-name",
            "tags": null,
            "tags_all": {
              "Created_by": "Shift-left Terraform script",
              "Project": "Shift-left Demo",
              "owner_email": "azamzam@confluent.io"
            },
            "timeouts": null,
            "vpc_id": "vpc-0e058f91730eb6826"
          },
          "sensitive_attributes": [],
          "private": "eyJlMmJmYjczMC1lY2FhLTExZTYtOGY4OC0zNDM2M2JjN2M0YzAiOnsiY3JlYXRlIjo2MDAwMDAwMDAwMDAsImRlbGV0ZSI6MTIwMDAwMDAwMDAwMH0sInNjaGVtYV92ZXJzaW9uIjoiMSJ9",
          "dependencies": [
            "aws_vpc.ecs_vpc"
          ]
        }
      ]
    },
    {
      "mode": "managed",
      "type": "aws_vpc",
      "name": "ecs_vpc",
      "provider": "provider[\"registry.terraform.io/hashicorp/aws\"]",
      "instances": [
        {
          "schema_version": 1,
          "attributes": {
            "arn": "arn:aws:ec2:us-east-2:550017254839:vpc/vpc-0e058f91730eb6826",
            "assign_generated_ipv6_cidr_block": false,
            "cidr_block": "10.0.0.0/16",
            "default_network_acl_id": "acl-06fcc81d079bd32dd",
            "default_route_table_id": "rtb-09a1fff409e501de0",
            "default_security_group_id": "sg-083c7692c679666db",
            "dhcp_options_id": "dopt-04afacb653dc8bb66",
            "enable_dns_hostnames": false,
            "enable_dns_support": true,
            "enable_network_address_usage_metrics": false,
            "id": "vpc-0e058f91730eb6826",
            "instance_tenancy": "default",
            "ipv4_ipam_pool_id": null,
            "ipv4_netmask_length": null,
            "ipv6_association_id": "",
            "ipv6_cidr_block": "",
            "ipv6_cidr_block_network_border_group": "",
            "ipv6_ipam_pool_id": "",
            "ipv6_netmask_length": 0,
            "main_route_table_id": "rtb-09a1fff409e501de0",
            "owner_id": "550017254839",
            "tags": null,
            "tags_all": {
              "Created_by": "Shift-left Terraform script",
              "Project": "Shift-left Demo",
              "owner_email": "azamzam@confluent.io"
            }
          },
          "sensitive_attributes": [],
          "private": "eyJzY2hlbWFfdmVyc2lvbiI6IjEifQ=="
        }
      ]
    },
    {
      "mode": "managed",
      "type": "confluent_api_key",
      "name": "app-manager-kafka-api-key",
      "provider": "provider[\"registry.terraform.io/confluentinc/confluent\"]",
      "instances": [
        {
          "schema_version": 0,
          "attributes": {
            "description": "Kafka API Key that is owned by 'app-manager' service account",
            "disable_wait_for_ready": false,
            "display_name": "app-manager-kafka-api-key",
            "id": "SYAKEZOULOUJOIAO",
            "managed_resource": [
              {
                "api_version": "cmk/v2",
                "environment": [
                  {
                    "id": "env-qp67y6"
                  }
                ],
                "id": "lkc-66z96q",
                "kind": "Cluster"
              }
            ],
            "owner": [
              {
                "api_version": "iam/v2",
                "id": "sa-1vom3z",
                "kind": "ServiceAccount"
              }
            ],
            "secret": "rn7Y392xM49cP3gY7qer8LqpXCE+ZNTGPBeBYk/EjXdfIYvM4GpJu+JkF8Tq2kpL"
          },
          "sensitive_attributes": [
            [
              {
                "type": "get_attr",
                "value": "secret"
              }
            ]
          ],
          "private": "bnVsbA==",
          "dependencies": [
            "confluent_environment.staging",
            "confluent_kafka_cluster.standard",
            "confluent_role_binding.app-manager-kafka-cluster-admin",
            "confluent_service_account.app-manager",
            "random_id.env_display_id"
          ]
        }
      ]
    },
    {
      "mode": "managed",
      "type": "confluent_api_key",
      "name": "app-manager-schema-registry-api-key",
      "provider": "provider[\"registry.terraform.io/confluentinc/confluent\"]",
      "instances": [
        {
          "schema_version": 0,
          "attributes": {
            "description": "Schema Registry API Key that is owned by 'env-manager' service account",
            "disable_wait_for_ready": false,
            "display_name": "env-manager-schema-registry-api-key",
            "id": "R5Q7XHUWFVX73QEQ",
            "managed_resource": [
              {
                "api_version": "srcm/v2",
                "environment": [
                  {
                    "id": "env-qp67y6"
                  }
                ],
                "id": "lsrc-zwn7w7",
                "kind": "Cluster"
              }
            ],
            "owner": [
              {
                "api_version": "iam/v2",
                "id": "sa-1vom3z",
                "kind": "ServiceAccount"
              }
            ],
            "secret": "rQeUtYSh0IKS8y6XTSD0bbHGE/W/to0uD5hh7AXsn84nBc7bf1rc/387yMr+SHm8"
          },
          "sensitive_attributes": [
            [
              {
                "type": "get_attr",
                "value": "secret"
              }
            ]
          ],
          "private": "bnVsbA==",
          "dependencies": [
            "confluent_environment.staging",
            "confluent_kafka_cluster.standard",
            "confluent_role_binding.app-manager-kafka-cluster-admin",
            "confluent_service_account.app-manager",
            "data.confluent_schema_registry_cluster.sr-cluster",
            "random_id.env_display_id"
          ]
        }
      ]
    },
    {
      "mode": "managed",
      "type": "confluent_connector",
      "name": "postgre-sql-cdc-source",
      "provider": "provider[\"registry.terraform.io/confluentinc/confluent\"]",
      "instances": [
        {
          "schema_version": 0,
          "attributes": {
            "config_nonsensitive": {
              "after.state.only": "true",
              "connector.class": "PostgresCdcSourceV2",
              "database.dbname": "onlinestoredb",
              "database.hostname": "shiftleft-onlinestoredb.cpn5g1rckbdq.us-east-2.rds.amazonaws.com",
              "database.port": "5432",
              "database.user": "postgres",
              "kafka.auth.mode": "SERVICE_ACCOUNT",
              "kafka.service.account.id": "sa-1vom3z",
              "name": "PostgresCdcSourceConnector_0",
              "output.data.format": "AVRO",
              "tasks.max": "1",
              "topic.prefix": "shiftleft",
              "transforms": "transform_0",
              "transforms.transform_0.fields": "email",
              "transforms.transform_0.type": "org.apache.kafka.connect.transforms.MaskField$Value"
            },
            "config_sensitive": {
              "database.password": "Admin123456!!"
            },
            "environment": [
              {
                "id": "env-qp67y6"
              }
            ],
            "id": "lcc-xw5nvq",
            "kafka_cluster": [
              {
                "id": "lkc-66z96q"
              }
            ],
            "status": "RUNNING",
            "timeouts": null
          },
          "sensitive_attributes": [
            [
              {
                "type": "get_attr",
                "value": "config_sensitive"
              }
            ]
          ],
          "private": "eyJlMmJmYjczMC1lY2FhLTExZTYtOGY4OC0zNDM2M2JjN2M0YzAiOnsiY3JlYXRlIjo4NjQwMDAwMDAwMDAwMH19",
          "dependencies": [
            "aws_db_instance.postgres_db",
            "aws_db_parameter_group.pg_parameter_group",
            "aws_ecr_repository.dbfeeder_app_repo",
            "aws_ecs_cluster.ecs_cluster",
            "aws_ecs_service.dbfeeder_app_service",
            "aws_ecs_task_definition.dbfeeder_app_task",
            "aws_iam_access_key.payments_app_aws_key",
            "aws_iam_role.ecs_container_role",
            "aws_iam_role.ecs_task_execution_role",
            "aws_iam_user.payments_app_user",
            "aws_kms_key.kms_key",
            "aws_security_group.ecs_sg",
            "aws_subnet.public_subnet",
            "aws_vpc.ecs_vpc",
            "confluent_api_key.app-manager-kafka-api-key",
            "confluent_api_key.app-manager-schema-registry-api-key",
            "confluent_environment.staging",
            "confluent_kafka_acl.app-manager-create-topic",
            "confluent_kafka_acl.app-manager-describe-on-cluster",
            "confluent_kafka_acl.app-manager-write-on-topic",
            "confluent_kafka_cluster.standard",
            "confluent_role_binding.app-manager-kafka-cluster-admin",
            "confluent_service_account.app-manager",
            "data.aws_caller_identity.current",
            "data.confluent_schema_registry_cluster.sr-cluster",
            "local_file.db_feeder_properties",
            "local_file.payment_app_dqr",
            "local_file.payment_app_properties",
            "null_resource.build_and_push_dbfeeder_app",
            "null_resource.create_tables",
            "random_id.env_display_id"
          ]
        }
      ]
    },
    {
      "mode": "managed",
      "type": "confluent_environment",
      "name": "staging",
      "provider": "provider[\"registry.terraform.io/confluentinc/confluent\"]",
      "instances": [
        {
          "schema_version": 0,
          "attributes": {
            "display_name": "shiftleft-environment-d217a8e3",
            "id": "env-qp67y6",
            "resource_name": "crn://confluent.cloud/organization=1c2774ee-94b9-406c-ac22-36adca160c3b/environment=env-qp67y6",
            "stream_governance": [
              {
                "package": "ADVANCED"
              }
            ]
          },
          "sensitive_attributes": [],
          "private": "bnVsbA==",
          "dependencies": [
            "random_id.env_display_id"
          ]
        }
      ]
    },
    {
      "mode": "managed",
      "type": "confluent_flink_compute_pool",
      "name": "flinkpool-main",
      "provider": "provider[\"registry.terraform.io/confluentinc/confluent\"]",
      "instances": [
        {
          "schema_version": 0,
          "attributes": {
            "api_version": "fcpm/v2",
            "cloud": "AWS",
            "display_name": "shiftleft_standard_compute_pool_d217a8e3",
            "environment": [
              {
                "id": "env-qp67y6"
              }
            ],
            "id": "lfcp-dp8jpy",
            "kind": "ComputePool",
            "max_cfu": 20,
            "region": "us-east-2",
            "resource_name": "crn://confluent.cloud/organization=1c2774ee-94b9-406c-ac22-36adca160c3b/environment=env-qp67y6/flink-region=aws.us-east-2/compute-pool=lfcp-dp8jpy",
            "timeouts": null
          },
          "sensitive_attributes": [],
          "private": "eyJlMmJmYjczMC1lY2FhLTExZTYtOGY4OC0zNDM2M2JjN2M0YzAiOnsiY3JlYXRlIjozNjAwMDAwMDAwMDAwLCJkZWxldGUiOjM2MDAwMDAwMDAwMDB9fQ==",
          "dependencies": [
            "confluent_environment.staging",
            "random_id.env_display_id"
          ]
        }
      ]
    },
    {
      "mode": "managed",
      "type": "confluent_kafka_acl",
      "name": "app-manager-create-topic",
      "provider": "provider[\"registry.terraform.io/confluentinc/confluent\"]",
      "instances": [
        {
          "schema_version": 2,
          "attributes": {
            "credentials": [
              {
                "key": "SYAKEZOULOUJOIAO",
                "secret": "rn7Y392xM49cP3gY7qer8LqpXCE+ZNTGPBeBYk/EjXdfIYvM4GpJu+JkF8Tq2kpL"
              }
            ],
            "host": "*",
            "id": "lkc-66z96q/TOPIC#*#LITERAL#User:sa-1vom3z#*#CREATE#ALLOW",
            "kafka_cluster": [
              {
                "id": "lkc-66z96q"
              }
            ],
            "operation": "CREATE",
            "pattern_type": "LITERAL",
            "permission": "ALLOW",
            "principal": "User:sa-1vom3z",
            "resource_name": "*",
            "resource_type": "TOPIC",
            "rest_endpoint": "https://pkc-921jm.us-east-2.aws.confluent.cloud:443"
          },
          "sensitive_attributes": [
            [
              {
                "type": "get_attr",
                "value": "credentials"
              },
              {
                "type": "index",
                "value": {
                  "value": 0,
                  "type": "number"
                }
              },
              {
                "type": "get_attr",
                "value": "key"
              }
            ],
            [
              {
                "type": "get_attr",
                "value": "credentials"
              },
              {
                "type": "index",
                "value": {
                  "value": 0,
                  "type": "number"
                }
              },
              {
                "type": "get_attr",
                "value": "secret"
              }
            ]
          ],
          "private": "eyJzY2hlbWFfdmVyc2lvbiI6IjIifQ==",
          "dependencies": [
            "confluent_api_key.app-manager-kafka-api-key",
            "confluent_environment.staging",
            "confluent_kafka_cluster.standard",
            "confluent_role_binding.app-manager-kafka-cluster-admin",
            "confluent_service_account.app-manager",
            "random_id.env_display_id"
          ]
        }
      ]
    },
    {
      "mode": "managed",
      "type": "confluent_kafka_acl",
      "name": "app-manager-describe-on-cluster",
      "provider": "provider[\"registry.terraform.io/confluentinc/confluent\"]",
      "instances": [
        {
          "schema_version": 2,
          "attributes": {
            "credentials": [
              {
                "key": "SYAKEZOULOUJOIAO",
                "secret": "rn7Y392xM49cP3gY7qer8LqpXCE+ZNTGPBeBYk/EjXdfIYvM4GpJu+JkF8Tq2kpL"
              }
            ],
            "host": "*",
            "id": "lkc-66z96q/CLUSTER#kafka-cluster#LITERAL#User:sa-1vom3z#*#DESCRIBE#ALLOW",
            "kafka_cluster": [
              {
                "id": "lkc-66z96q"
              }
            ],
            "operation": "DESCRIBE",
            "pattern_type": "LITERAL",
            "permission": "ALLOW",
            "principal": "User:sa-1vom3z",
            "resource_name": "kafka-cluster",
            "resource_type": "CLUSTER",
            "rest_endpoint": "https://pkc-921jm.us-east-2.aws.confluent.cloud:443"
          },
          "sensitive_attributes": [
            [
              {
                "type": "get_attr",
                "value": "credentials"
              },
              {
                "type": "index",
                "value": {
                  "value": 0,
                  "type": "number"
                }
              },
              {
                "type": "get_attr",
                "value": "key"
              }
            ],
            [
              {
                "type": "get_attr",
                "value": "credentials"
              },
              {
                "type": "index",
                "value": {
                  "value": 0,
                  "type": "number"
                }
              },
              {
                "type": "get_attr",
                "value": "secret"
              }
            ]
          ],
          "private": "eyJzY2hlbWFfdmVyc2lvbiI6IjIifQ==",
          "dependencies": [
            "confluent_api_key.app-manager-kafka-api-key",
            "confluent_environment.staging",
            "confluent_kafka_cluster.standard",
            "confluent_role_binding.app-manager-kafka-cluster-admin",
            "confluent_service_account.app-manager",
            "random_id.env_display_id"
          ]
        }
      ]
    },
    {
      "mode": "managed",
      "type": "confluent_kafka_acl",
      "name": "app-manager-read-on-group",
      "provider": "provider[\"registry.terraform.io/confluentinc/confluent\"]",
      "instances": [
        {
          "schema_version": 2,
          "attributes": {
            "credentials": [
              {
                "key": "SYAKEZOULOUJOIAO",
                "secret": "rn7Y392xM49cP3gY7qer8LqpXCE+ZNTGPBeBYk/EjXdfIYvM4GpJu+JkF8Tq2kpL"
              }
            ],
            "host": "*",
            "id": "lkc-66z96q/GROUP#*#LITERAL#User:sa-1vom3z#*#READ#ALLOW",
            "kafka_cluster": [
              {
                "id": "lkc-66z96q"
              }
            ],
            "operation": "READ",
            "pattern_type": "LITERAL",
            "permission": "ALLOW",
            "principal": "User:sa-1vom3z",
            "resource_name": "*",
            "resource_type": "GROUP",
            "rest_endpoint": "https://pkc-921jm.us-east-2.aws.confluent.cloud:443"
          },
          "sensitive_attributes": [
            [
              {
                "type": "get_attr",
                "value": "credentials"
              },
              {
                "type": "index",
                "value": {
                  "value": 0,
                  "type": "number"
                }
              },
              {
                "type": "get_attr",
                "value": "secret"
              }
            ],
            [
              {
                "type": "get_attr",
                "value": "credentials"
              },
              {
                "type": "index",
                "value": {
                  "value": 0,
                  "type": "number"
                }
              },
              {
                "type": "get_attr",
                "value": "key"
              }
            ]
          ],
          "private": "eyJzY2hlbWFfdmVyc2lvbiI6IjIifQ==",
          "dependencies": [
            "confluent_api_key.app-manager-kafka-api-key",
            "confluent_environment.staging",
            "confluent_kafka_cluster.standard",
            "confluent_role_binding.app-manager-kafka-cluster-admin",
            "confluent_service_account.app-manager",
            "random_id.env_display_id"
          ]
        }
      ]
    },
    {
      "mode": "managed",
      "type": "confluent_kafka_acl",
      "name": "app-manager-read-on-topic",
      "provider": "provider[\"registry.terraform.io/confluentinc/confluent\"]",
      "instances": [
        {
          "schema_version": 2,
          "attributes": {
            "credentials": [
              {
                "key": "SYAKEZOULOUJOIAO",
                "secret": "rn7Y392xM49cP3gY7qer8LqpXCE+ZNTGPBeBYk/EjXdfIYvM4GpJu+JkF8Tq2kpL"
              }
            ],
            "host": "*",
            "id": "lkc-66z96q/TOPIC#*#LITERAL#User:sa-1vom3z#*#READ#ALLOW",
            "kafka_cluster": [
              {
                "id": "lkc-66z96q"
              }
            ],
            "operation": "READ",
            "pattern_type": "LITERAL",
            "permission": "ALLOW",
            "principal": "User:sa-1vom3z",
            "resource_name": "*",
            "resource_type": "TOPIC",
            "rest_endpoint": "https://pkc-921jm.us-east-2.aws.confluent.cloud:443"
          },
          "sensitive_attributes": [
            [
              {
                "type": "get_attr",
                "value": "credentials"
              },
              {
                "type": "index",
                "value": {
                  "value": 0,
                  "type": "number"
                }
              },
              {
                "type": "get_attr",
                "value": "secret"
              }
            ],
            [
              {
                "type": "get_attr",
                "value": "credentials"
              },
              {
                "type": "index",
                "value": {
                  "value": 0,
                  "type": "number"
                }
              },
              {
                "type": "get_attr",
                "value": "key"
              }
            ]
          ],
          "private": "eyJzY2hlbWFfdmVyc2lvbiI6IjIifQ==",
          "dependencies": [
            "confluent_api_key.app-manager-kafka-api-key",
            "confluent_environment.staging",
            "confluent_kafka_cluster.standard",
            "confluent_role_binding.app-manager-kafka-cluster-admin",
            "confluent_service_account.app-manager",
            "random_id.env_display_id"
          ]
        }
      ]
    },
    {
      "mode": "managed",
      "type": "confluent_kafka_acl",
      "name": "app-manager-write-on-topic",
      "provider": "provider[\"registry.terraform.io/confluentinc/confluent\"]",
      "instances": [
        {
          "schema_version": 2,
          "attributes": {
            "credentials": [
              {
                "key": "SYAKEZOULOUJOIAO",
                "secret": "rn7Y392xM49cP3gY7qer8LqpXCE+ZNTGPBeBYk/EjXdfIYvM4GpJu+JkF8Tq2kpL"
              }
            ],
            "host": "*",
            "id": "lkc-66z96q/TOPIC#*#LITERAL#User:sa-1vom3z#*#WRITE#ALLOW",
            "kafka_cluster": [
              {
                "id": "lkc-66z96q"
              }
            ],
            "operation": "WRITE",
            "pattern_type": "LITERAL",
            "permission": "ALLOW",
            "principal": "User:sa-1vom3z",
            "resource_name": "*",
            "resource_type": "TOPIC",
            "rest_endpoint": "https://pkc-921jm.us-east-2.aws.confluent.cloud:443"
          },
          "sensitive_attributes": [
            [
              {
                "type": "get_attr",
                "value": "credentials"
              },
              {
                "type": "index",
                "value": {
                  "value": 0,
                  "type": "number"
                }
              },
              {
                "type": "get_attr",
                "value": "secret"
              }
            ],
            [
              {
                "type": "get_attr",
                "value": "credentials"
              },
              {
                "type": "index",
                "value": {
                  "value": 0,
                  "type": "number"
                }
              },
              {
                "type": "get_attr",
                "value": "key"
              }
            ]
          ],
          "private": "eyJzY2hlbWFfdmVyc2lvbiI6IjIifQ==",
          "dependencies": [
            "confluent_api_key.app-manager-kafka-api-key",
            "confluent_environment.staging",
            "confluent_kafka_cluster.standard",
            "confluent_role_binding.app-manager-kafka-cluster-admin",
            "confluent_service_account.app-manager",
            "random_id.env_display_id"
          ]
        }
      ]
    },
    {
      "mode": "managed",
      "type": "confluent_kafka_cluster",
      "name": "standard",
      "provider": "provider[\"registry.terraform.io/confluentinc/confluent\"]",
      "instances": [
        {
          "schema_version": 1,
          "attributes": {
            "api_version": "cmk/v2",
            "availability": "SINGLE_ZONE",
            "basic": [],
            "bootstrap_endpoint": "SASL_SSL://pkc-921jm.us-east-2.aws.confluent.cloud:9092",
            "byok_key": [
              {
                "id": ""
              }
            ],
            "cloud": "AWS",
            "dedicated": [],
            "display_name": "shiftleft-cluster-d217a8e3",
            "enterprise": [],
            "environment": [
              {
                "id": "env-qp67y6"
              }
            ],
            "freight": [],
            "id": "lkc-66z96q",
            "kind": "Cluster",
            "network": [
              {
                "id": ""
              }
            ],
            "rbac_crn": "crn://confluent.cloud/organization=1c2774ee-94b9-406c-ac22-36adca160c3b/environment=env-qp67y6/cloud-cluster=lkc-66z96q",
            "region": "us-east-2",
            "rest_endpoint": "https://pkc-921jm.us-east-2.aws.confluent.cloud:443",
            "standard": [
              {}
            ],
            "timeouts": null
          },
          "sensitive_attributes": [],
          "private": "eyJlMmJmYjczMC1lY2FhLTExZTYtOGY4OC0zNDM2M2JjN2M0YzAiOnsiY3JlYXRlIjoyNTkyMDAwMDAwMDAwMDAsInVwZGF0ZSI6MjU5MjAwMDAwMDAwMDAwfSwic2NoZW1hX3ZlcnNpb24iOiIxIn0=",
          "dependencies": [
            "confluent_environment.staging",
            "random_id.env_display_id"
          ]
        }
      ]
    },
    {
      "mode": "managed",
      "type": "confluent_kafka_topic",
      "name": "error-payments-topic",
      "provider": "provider[\"registry.terraform.io/confluentinc/confluent\"]",
      "instances": [
        {
          "schema_version": 2,
          "attributes": {
            "config": {},
            "credentials": [
              {
                "key": "SYAKEZOULOUJOIAO",
                "secret": "rn7Y392xM49cP3gY7qer8LqpXCE+ZNTGPBeBYk/EjXdfIYvM4GpJu+JkF8Tq2kpL"
              }
            ],
            "id": "lkc-66z96q/error-payments",
            "kafka_cluster": [
              {
                "id": "lkc-66z96q"
              }
            ],
            "partitions_count": 6,
            "rest_endpoint": "https://pkc-921jm.us-east-2.aws.confluent.cloud:443",
            "topic_name": "error-payments"
          },
          "sensitive_attributes": [
            [
              {
                "type": "get_attr",
                "value": "credentials"
              },
              {
                "type": "index",
                "value": {
                  "value": 0,
                  "type": "number"
                }
              },
              {
                "type": "get_attr",
                "value": "key"
              }
            ],
            [
              {
                "type": "get_attr",
                "value": "credentials"
              },
              {
                "type": "index",
                "value": {
                  "value": 0,
                  "type": "number"
                }
              },
              {
                "type": "get_attr",
                "value": "secret"
              }
            ]
          ],
          "private": "eyJzY2hlbWFfdmVyc2lvbiI6IjIifQ==",
          "dependencies": [
            "confluent_api_key.app-manager-kafka-api-key",
            "confluent_environment.staging",
            "confluent_kafka_cluster.standard",
            "confluent_role_binding.app-manager-kafka-cluster-admin",
            "confluent_service_account.app-manager",
            "random_id.env_display_id"
          ]
        }
      ]
    },
    {
      "mode": "managed",
      "type": "confluent_kafka_topic",
      "name": "payments-topic",
      "provider": "provider[\"registry.terraform.io/confluentinc/confluent\"]",
      "instances": [
        {
          "schema_version": 2,
          "attributes": {
            "config": {},
            "credentials": [
              {
                "key": "SYAKEZOULOUJOIAO",
                "secret": "rn7Y392xM49cP3gY7qer8LqpXCE+ZNTGPBeBYk/EjXdfIYvM4GpJu+JkF8Tq2kpL"
              }
            ],
            "id": "lkc-66z96q/payments",
            "kafka_cluster": [
              {
                "id": "lkc-66z96q"
              }
            ],
            "partitions_count": 6,
            "rest_endpoint": "https://pkc-921jm.us-east-2.aws.confluent.cloud:443",
            "topic_name": "payments"
          },
          "sensitive_attributes": [
            [
              {
                "type": "get_attr",
                "value": "credentials"
              },
              {
                "type": "index",
                "value": {
                  "value": 0,
                  "type": "number"
                }
              },
              {
                "type": "get_attr",
                "value": "key"
              }
            ],
            [
              {
                "type": "get_attr",
                "value": "credentials"
              },
              {
                "type": "index",
                "value": {
                  "value": 0,
                  "type": "number"
                }
              },
              {
                "type": "get_attr",
                "value": "secret"
              }
            ]
          ],
          "private": "eyJzY2hlbWFfdmVyc2lvbiI6IjIifQ==",
          "dependencies": [
            "confluent_api_key.app-manager-kafka-api-key",
            "confluent_environment.staging",
            "confluent_kafka_cluster.standard",
            "confluent_role_binding.app-manager-kafka-cluster-admin",
            "confluent_service_account.app-manager",
            "random_id.env_display_id"
          ]
        }
      ]
    },
    {
      "mode": "managed",
      "type": "confluent_role_binding",
      "name": "app-manager-kafka-cluster-admin",
      "provider": "provider[\"registry.terraform.io/confluentinc/confluent\"]",
      "instances": [
        {
          "schema_version": 0,
          "attributes": {
            "crn_pattern": "crn://confluent.cloud/organization=1c2774ee-94b9-406c-ac22-36adca160c3b/environment=env-qp67y6",
            "id": "rb-ql5Gvm",
            "principal": "User:sa-1vom3z",
            "role_name": "EnvironmentAdmin"
          },
          "sensitive_attributes": [],
          "private": "bnVsbA==",
          "dependencies": [
            "confluent_environment.staging",
            "confluent_service_account.app-manager",
            "random_id.env_display_id"
          ]
        }
      ]
    },
    {
      "mode": "managed",
      "type": "confluent_schema",
      "name": "avro-payments",
      "provider": "provider[\"registry.terraform.io/confluentinc/confluent\"]",
      "instances": [
        {
          "schema_version": 0,
          "attributes": {
            "credentials": [
              {
                "key": "R5Q7XHUWFVX73QEQ",
                "secret": "rQeUtYSh0IKS8y6XTSD0bbHGE/W/to0uD5hh7AXsn84nBc7bf1rc/387yMr+SHm8"
              }
            ],
            "format": "AVRO",
            "hard_delete": true,
            "id": "lsrc-zwn7w7/payments-value/latest",
            "metadata": null,
            "recreate_on_update": false,
            "rest_endpoint": "https://psrc-68gz8.us-east-2.aws.confluent.cloud",
            "ruleset": [
              {
                "domain_rules": [
                  {
                    "doc": "",
                    "expr": "message.confirmation_code.matches('^[A-Z0-9]{8}$')",
                    "kind": "CONDITION",
                    "mode": "WRITE",
                    "name": "validateConfirmationCode",
                    "on_failure": "DLQ",
                    "on_success": "",
                    "params": {
                      "dlq.auto.flush": "true",
                      "dlq.topic": "error-payments"
                    },
                    "tags": [],
                    "type": "CEL"
                  }
                ],
                "migration_rules": []
              }
            ],
            "schema": "{\"type\":\"record\",\"name\":\"Sale\",\"namespace\":\"io.confluent.examples.datacontract.pojo.avro\",\"fields\":[{\"name\":\"order_id\",\"type\":\"int\"},{\"name\":\"product_id\",\"type\":\"int\"},{\"name\":\"customer_id\",\"type\":\"int\"},{\"name\":\"confirmation_code\",\"type\":\"string\"},{\"name\":\"cc_number\",\"type\":\"string\",\"confluent:tags\":[\"PII\"]},{\"name\":\"expiration\",\"type\":\"string\"},{\"name\":\"amount\",\"type\":\"double\"},{\"name\":\"ts\",\"type\":{\"type\":\"long\",\"logicalType\":\"timestamp-millis\"}}]}",
            "schema_identifier": 100001,
            "schema_reference": [],
            "schema_registry_cluster": [
              {
                "id": "lsrc-zwn7w7"
              }
            ],
            "skip_validation_during_plan": false,
            "subject_name": "payments-value",
            "version": 1
          },
          "sensitive_attributes": [
            [
              {
                "type": "get_attr",
                "value": "credentials"
              },
              {
                "type": "index",
                "value": {
                  "value": 0,
                  "type": "number"
                }
              },
              {
                "type": "get_attr",
                "value": "secret"
              }
            ],
            [
              {
                "type": "get_attr",
                "value": "credentials"
              },
              {
                "type": "index",
                "value": {
                  "value": 0,
                  "type": "number"
                }
              },
              {
                "type": "get_attr",
                "value": "key"
              }
            ]
          ],
          "private": "bnVsbA==",
          "dependencies": [
            "confluent_api_key.app-manager-schema-registry-api-key",
            "confluent_environment.staging",
            "confluent_kafka_cluster.standard",
            "confluent_role_binding.app-manager-kafka-cluster-admin",
            "confluent_service_account.app-manager",
            "confluent_tag.pii_tag",
            "data.confluent_schema_registry_cluster.sr-cluster",
            "random_id.env_display_id"
          ]
        }
      ]
    },
    {
      "mode": "managed",
      "type": "confluent_schema_registry_kek",
      "name": "aws_key",
      "provider": "provider[\"registry.terraform.io/confluentinc/confluent\"]",
      "instances": [
        {
          "schema_version": 0,
          "attributes": {
            "credentials": [
              {
                "key": "R5Q7XHUWFVX73QEQ",
                "secret": "rQeUtYSh0IKS8y6XTSD0bbHGE/W/to0uD5hh7AXsn84nBc7bf1rc/387yMr+SHm8"
              }
            ],
            "doc": "",
            "hard_delete": false,
            "id": "lsrc-zwn7w7/CSFLE_Key",
            "kms_key_id": "arn:aws:kms:us-east-2:550017254839:key/3e6ad20b-efdf-4b7d-a88c-c99894876652",
            "kms_type": "aws-kms",
            "name": "CSFLE_Key",
            "properties": {},
            "rest_endpoint": "https://psrc-68gz8.us-east-2.aws.confluent.cloud",
            "schema_registry_cluster": [
              {
                "id": "lsrc-zwn7w7"
              }
            ],
            "shared": false
          },
          "sensitive_attributes": [
            [
              {
                "type": "get_attr",
                "value": "credentials"
              },
              {
                "type": "index",
                "value": {
                  "value": 0,
                  "type": "number"
                }
              },
              {
                "type": "get_attr",
                "value": "key"
              }
            ],
            [
              {
                "type": "get_attr",
                "value": "credentials"
              },
              {
                "type": "index",
                "value": {
                  "value": 0,
                  "type": "number"
                }
              },
              {
                "type": "get_attr",
                "value": "secret"
              }
            ]
          ],
          "private": "bnVsbA==",
          "dependencies": [
            "aws_iam_user.payments_app_user",
            "aws_kms_key.kms_key",
            "confluent_api_key.app-manager-schema-registry-api-key",
            "confluent_environment.staging",
            "confluent_kafka_cluster.standard",
            "confluent_role_binding.app-manager-kafka-cluster-admin",
            "confluent_service_account.app-manager",
            "data.aws_caller_identity.current",
            "data.confluent_schema_registry_cluster.sr-cluster",
            "random_id.env_display_id"
          ]
        }
      ]
    },
    {
      "mode": "managed",
      "type": "confluent_service_account",
      "name": "app-manager",
      "provider": "provider[\"registry.terraform.io/confluentinc/confluent\"]",
      "instances": [
        {
          "schema_version": 0,
          "attributes": {
            "api_version": "iam/v2",
            "description": "Service account to manage 'inventory' Kafka cluster",
            "display_name": "shiftleft-app-manager-d217a8e3",
            "id": "sa-1vom3z",
            "kind": "ServiceAccount"
          },
          "sensitive_attributes": [],
          "private": "bnVsbA==",
          "dependencies": [
            "random_id.env_display_id"
          ]
        }
      ]
    },
    {
      "mode": "managed",
      "type": "confluent_tag",
      "name": "pii_tag",
      "provider": "provider[\"registry.terraform.io/confluentinc/confluent\"]",
      "instances": [
        {
          "schema_version": 0,
          "attributes": {
            "credentials": [
              {
                "key": "R5Q7XHUWFVX73QEQ",
                "secret": "rQeUtYSh0IKS8y6XTSD0bbHGE/W/to0uD5hh7AXsn84nBc7bf1rc/387yMr+SHm8"
              }
            ],
            "description": "PII tag",
            "entity_types": [
              "cf_entity"
            ],
            "id": "lsrc-zwn7w7/PII",
            "name": "PII",
            "rest_endpoint": "https://psrc-68gz8.us-east-2.aws.confluent.cloud",
            "schema_registry_cluster": [
              {
                "id": "lsrc-zwn7w7"
              }
            ],
            "version": 1
          },
          "sensitive_attributes": [
            [
              {
                "type": "get_attr",
                "value": "credentials"
              },
              {
                "type": "index",
                "value": {
                  "value": 0,
                  "type": "number"
                }
              },
              {
                "type": "get_attr",
                "value": "key"
              }
            ],
            [
              {
                "type": "get_attr",
                "value": "credentials"
              },
              {
                "type": "index",
                "value": {
                  "value": 0,
                  "type": "number"
                }
              },
              {
                "type": "get_attr",
                "value": "secret"
              }
            ]
          ],
          "private": "bnVsbA==",
          "dependencies": [
            "confluent_api_key.app-manager-schema-registry-api-key",
            "confluent_environment.staging",
            "confluent_kafka_cluster.standard",
            "confluent_role_binding.app-manager-kafka-cluster-admin",
            "confluent_service_account.app-manager",
            "data.confluent_schema_registry_cluster.sr-cluster",
            "random_id.env_display_id"
          ]
        }
      ]
    },
    {
      "mode": "managed",
      "type": "local_file",
      "name": "db_feeder_properties",
      "provider": "provider[\"registry.terraform.io/hashicorp/local\"]",
      "instances": [
        {
          "schema_version": 0,
          "attributes": {
            "content": "db.url=jdbc:postgresql://shiftleft-onlinestoredb.cpn5g1rckbdq.us-east-2.rds.amazonaws.com/onlinestoredb\ndb.user=postgres\ndb.password=Admin123456!!\n",
            "content_base64": null,
            "content_base64sha256": "IWasvvPp2sYAycdN+IWbhPxfZionu9/O4Qs+MftusnQ=",
            "content_base64sha512": "rh3TwhLbEL+PYdEniiUR/8smSSMaW4mhg8o557QqABy23z6Cj/XJhj8Zczi64N+cEi37Yc+z9ReQztkFjKmd/A==",
            "content_md5": "422f9f13f44f9fa48e002f0ea4990c6c",
            "content_sha1": "338f14ee006e204aa60f9639fd9bfce09e6c30e1",
            "content_sha256": "2166acbef3e9dac600c9c74df8859b84fc5f662a27bbdfcee10b3e31fb6eb274",
            "content_sha512": "ae1dd3c212db10bf8f61d1278a2511ffcb2649231a5b89a183ca39e7b42a001cb6df3e828ff5c9863f197338bae0df9c122dfb61cfb3f51790ced9058ca99dfc",
            "directory_permission": "0777",
            "file_permission": "0777",
            "filename": "../code/postgresql-data-feeder/src/main/resources/db.properties",
            "id": "338f14ee006e204aa60f9639fd9bfce09e6c30e1",
            "sensitive_content": null,
            "source": null
          },
          "sensitive_attributes": [
            [
              {
                "type": "get_attr",
                "value": "sensitive_content"
              }
            ]
          ],
          "dependencies": [
            "aws_db_instance.postgres_db",
            "aws_db_parameter_group.pg_parameter_group"
          ]
        }
      ]
    },
    {
      "mode": "managed",
      "type": "local_file",
      "name": "payment_app_dqr",
      "provider": "provider[\"registry.terraform.io/hashicorp/local\"]",
      "instances": [
        {
          "schema_version": 0,
          "attributes": {
            "content": "  {\n    \"metadata\": {\n        \"tags\": {\n            \"Sale.cc_number\": [ \"pci\" ]\n        }\n    },\n    \"ruleSet\": {\n        \"domainRules\": [\n            {\n                \"name\": \"pci_encrypt\",\n                \"kind\": \"TRANSFORM\",\n                \"mode\": \"WRITEREAD\",\n                \"type\": \"ENCRYPT\",\n                \"tags\": [\"pci\"],\n                \"params\": {\n                    \"encrypt.kek.name\": \"pci_encrypt_key\",\n                    \"encrypt.kms.key.id\": \"arn:aws:kms:us-east-2:550017254839:key/3e6ad20b-efdf-4b7d-a88c-c99894876652\",\n                    \"encrypt.kms.type\": \"aws-kms\"\n                },\n                \"onFailure\": \"ERROR,NONE\",\n                \"disabled\": false\n            },\n            {\n                \"name\": \"validateConfirmationCode\",\n                \"kind\": \"CONDITION\",\n                \"mode\": \"WRITE\",\n                \"type\": \"CEL\",\n                \"expr\": \"message.confirmation_code.matches('^[A-Z0-9]{8}$')\",\n                \"onFailure\": \"DLQ\",\n                \"params\": {\n                    \"dlq.topic\": \"error-payments\",\n                    \"dlq.auto.flush\": \"true\"\n                }\n            }\n        ]\n    }\n}\n",
            "content_base64": null,
            "content_base64sha256": "L3efpQJTBFeKlAI0xqsrNiTl/guxiieXBRcUbhfHgzQ=",
            "content_base64sha512": "yxL7W8AgcmwbtF5EdGpKyOxALyhXg7rNE1Gmn8nWpkkJFPamtO8AJAgNl+Hsrjmhmg3s/1mBqNAgmVaVqmV6ww==",
            "content_md5": "b6fa50edd17361213d2935af16d5987e",
            "content_sha1": "28a90d9c3f0e79417750c8ea03e152efad79b915",
            "content_sha256": "2f779fa5025304578a940234c6ab2b3624e5fe0bb18a27970517146e17c78334",
            "content_sha512": "cb12fb5bc020726c1bb45e44746a4ac8ec402f285783bacd1351a69fc9d6a6490914f6a6b4ef0024080d97e1ecae39a19a0decff5981a8d020995695aa657ac3",
            "directory_permission": "0777",
            "file_permission": "0777",
            "filename": "../code/payments-app/src/main/datacontracts/avro/payments-value-dqr.json",
            "id": "28a90d9c3f0e79417750c8ea03e152efad79b915",
            "sensitive_content": null,
            "source": null
          },
          "sensitive_attributes": [
            [
              {
                "type": "get_attr",
                "value": "sensitive_content"
              }
            ]
          ],
          "dependencies": [
            "aws_iam_user.payments_app_user",
            "aws_kms_key.kms_key",
            "data.aws_caller_identity.current",
            "random_id.env_display_id"
          ]
        }
      ]
    },
    {
      "mode": "managed",
      "type": "local_file",
      "name": "payment_app_properties",
      "provider": "provider[\"registry.terraform.io/hashicorp/local\"]",
      "instances": [
        {
          "schema_version": 0,
          "attributes": {
            "content": "#Environment: inventory_mgmt\n#Cluster: inventory analytics\nbootstrap.servers=SASL_SSL://pkc-921jm.us-east-2.aws.confluent.cloud:9092\nsecurity.protocol=SASL_SSL\nssl.endpoint.identification.algorithm=https\nsasl.mechanism=PLAIN\nnum.partitions=6\nreplication.factor=3\nsasl.jaas.config=org.apache.kafka.common.security.plain.PlainLoginModule required username=\"SYAKEZOULOUJOIAO\" password=\"rn7Y392xM49cP3gY7qer8LqpXCE+ZNTGPBeBYk/EjXdfIYvM4GpJu+JkF8Tq2kpL\";\n\n\n# Confluent Cloud Schema Registry\nschema.registry.url=https://psrc-68gz8.us-east-2.aws.confluent.cloud\nschema.registry.basic.auth.user.info= R5Q7XHUWFVX73QEQ:rQeUtYSh0IKS8y6XTSD0bbHGE/W/to0uD5hh7AXsn84nBc7bf1rc/387yMr+SHm8\nbasic.auth.credentials.source=USER_INFO\n\n## Data quality rules \n#KMS Props\nrule.executors._default_.param.access.key.id=AKIAYAD4VIW3ZTYO67MT\nrule.executors._default_.param.secret.access.key=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\n",
            "content_base64": null,
            "content_base64sha256": "T/8irRCUqX1nBiKtdsfwy9E8FLYjGsR4UVeirxWGrN0=",
            "content_base64sha512": "Rq0lYB/CJ4ncAeuSkumHh7dK/qE2VZl7Qdnyux5zJZybxSgmqp/SU3SQr6Mgf3Oyh71RiTlD3LKCh+ie730EHA==",
            "content_md5": "00e9b26371fbd24cbcd562a0fcdef103",
            "content_sha1": "c493eb1154f33dcc3a19d317df2d43d323c4c7f3",
            "content_sha256": "4fff22ad1094a97d670622ad76c7f0cbd13c14b6231ac4785157a2af1586acdd",
            "content_sha512": "46ad25601fc22789dc01eb9292e98787b74afea13655997b41d9f2bb1e73259c9bc52826aa9fd2537490afa3207f73b287bd51893943dcb28287e89eef7d041c",
            "directory_permission": "0777",
            "file_permission": "0777",
            "filename": "../code/payments-app/src/main/resources/cc-orders.properties",
            "id": "c493eb1154f33dcc3a19d317df2d43d323c4c7f3",
            "sensitive_content": null,
            "source": null
          },
          "sensitive_attributes": [
            [
              {
                "type": "get_attr",
                "value": "content"
              }
            ],
            [
              {
                "type": "get_attr",
                "value": "sensitive_content"
              }
            ]
          ],
          "dependencies": [
            "aws_iam_access_key.payments_app_aws_key",
            "aws_iam_user.payments_app_user",
            "confluent_api_key.app-manager-kafka-api-key",
            "confluent_api_key.app-manager-schema-registry-api-key",
            "confluent_environment.staging",
            "confluent_kafka_cluster.standard",
            "confluent_role_binding.app-manager-kafka-cluster-admin",
            "confluent_service_account.app-manager",
            "data.confluent_schema_registry_cluster.sr-cluster",
            "random_id.env_display_id"
          ]
        }
      ]
    },
    {
      "mode": "managed",
      "type": "null_resource",
      "name": "build_and_push_dbfeeder_app",
      "provider": "provider[\"registry.terraform.io/hashicorp/null\"]",
      "instances": [
        {
          "schema_version": 0,
          "attributes": {
            "id": "8499270966065680080",
            "triggers": null
          },
          "sensitive_attributes": [],
          "dependencies": [
            "aws_db_instance.postgres_db",
            "aws_db_parameter_group.pg_parameter_group",
            "aws_ecr_repository.dbfeeder_app_repo",
            "aws_iam_access_key.payments_app_aws_key",
            "aws_iam_user.payments_app_user",
            "aws_kms_key.kms_key",
            "confluent_api_key.app-manager-kafka-api-key",
            "confluent_api_key.app-manager-schema-registry-api-key",
            "confluent_environment.staging",
            "confluent_kafka_cluster.standard",
            "confluent_role_binding.app-manager-kafka-cluster-admin",
            "confluent_service_account.app-manager",
            "data.aws_caller_identity.current",
            "data.confluent_schema_registry_cluster.sr-cluster",
            "local_file.db_feeder_properties",
            "local_file.payment_app_dqr",
            "local_file.payment_app_properties",
            "null_resource.create_tables",
            "random_id.env_display_id"
          ]
        }
      ]
    },
    {
      "mode": "managed",
      "type": "null_resource",
      "name": "build_and_push_payment_app",
      "provider": "provider[\"registry.terraform.io/hashicorp/null\"]",
      "instances": [
        {
          "schema_version": 0,
          "attributes": {
            "id": "2232478839675441387",
            "triggers": null
          },
          "sensitive_attributes": [],
          "dependencies": [
            "aws_db_instance.postgres_db",
            "aws_db_parameter_group.pg_parameter_group",
            "aws_ecr_repository.payment_app_repo",
            "aws_iam_access_key.payments_app_aws_key",
            "aws_iam_user.payments_app_user",
            "aws_kms_key.kms_key",
            "confluent_api_key.app-manager-kafka-api-key",
            "confluent_api_key.app-manager-schema-registry-api-key",
            "confluent_environment.staging",
            "confluent_kafka_cluster.standard",
            "confluent_role_binding.app-manager-kafka-cluster-admin",
            "confluent_service_account.app-manager",
            "data.aws_caller_identity.current",
            "data.confluent_schema_registry_cluster.sr-cluster",
            "local_file.db_feeder_properties",
            "local_file.payment_app_dqr",
            "local_file.payment_app_properties",
            "null_resource.create_tables",
            "random_id.env_display_id"
          ]
        }
      ]
    },
    {
      "mode": "managed",
      "type": "null_resource",
      "name": "create_tables",
      "provider": "provider[\"registry.terraform.io/hashicorp/null\"]",
      "instances": [
        {
          "schema_version": 0,
          "attributes": {
            "id": "4527561921410576610",
            "triggers": null
          },
          "sensitive_attributes": [],
          "dependencies": [
            "aws_db_instance.postgres_db",
            "aws_db_parameter_group.pg_parameter_group"
          ]
        }
      ]
    },
    {
      "mode": "managed",
      "type": "random_id",
      "name": "env_display_id",
      "provider": "provider[\"registry.terraform.io/hashicorp/random\"]",
      "instances": [
        {
          "schema_version": 0,
          "attributes": {
            "b64_std": "0heo4w==",
            "b64_url": "0heo4w",
            "byte_length": 4,
            "dec": "3524765923",
            "hex": "d217a8e3",
            "id": "0heo4w",
            "keepers": null,
            "prefix": null
          },
          "sensitive_attributes": []
        }
      ]
    },
    {
      "mode": "managed",
      "type": "snowflake_account_role",
      "name": "kafka_connector_role",
      "provider": "provider[\"registry.terraform.io/snowflake-labs/snowflake\"]",
      "instances": [
        {
          "schema_version": 0,
          "attributes": {
            "comment": "",
            "fully_qualified_name": "\"kafka_connector_role\"",
            "id": "kafka_connector_role",
            "name": "kafka_connector_role",
            "show_output": [
              {
                "assigned_to_users": 0,
                "comment": "",
                "created_on": "2024-10-23 03:35:41.269 -0700 PDT",
                "granted_roles": 0,
                "granted_to_roles": 0,
                "is_current": false,
                "is_default": false,
                "is_inherited": false,
                "name": "kafka_connector_role",
                "owner": "ACCOUNTADMIN"
              }
            ]
          },
          "sensitive_attributes": [],
          "private": "bnVsbA=="
        }
      ]
    },
    {
      "mode": "managed",
      "type": "snowflake_database",
      "name": "production_db",
      "provider": "provider[\"registry.terraform.io/snowflake-labs/snowflake\"]",
      "instances": [
        {
          "schema_version": 1,
          "attributes": {
            "catalog": "",
            "comment": "",
            "data_retention_time_in_days": 1,
            "default_ddl_collation": "",
            "drop_public_schema_on_creation": null,
            "enable_console_output": false,
            "external_volume": "",
            "fully_qualified_name": "\"PRODUCTION\"",
            "id": "PRODUCTION",
            "is_transient": false,
            "log_level": "OFF",
            "max_data_extension_time_in_days": 14,
            "name": "PRODUCTION",
            "quoted_identifiers_ignore_case": false,
            "replace_invalid_characters": false,
            "replication": [],
            "storage_serialization_policy": "OPTIMIZED",
            "suspend_task_after_num_failures": 10,
            "task_auto_retry_attempts": 0,
            "trace_level": "OFF",
            "user_task_managed_initial_warehouse_size": "Medium",
            "user_task_minimum_trigger_interval_in_seconds": 30,
            "user_task_timeout_ms": 3600000
          },
          "sensitive_attributes": [],
          "private": "eyJzY2hlbWFfdmVyc2lvbiI6IjEifQ=="
        }
      ]
    },
    {
      "mode": "managed",
      "type": "snowflake_grant_account_role",
      "name": "grant_role_to_user",
      "provider": "provider[\"registry.terraform.io/snowflake-labs/snowflake\"]",
      "instances": [
        {
          "schema_version": 0,
          "attributes": {
            "id": "\"kafka_connector_role\"|USER|\"confluent\"",
            "parent_role_name": null,
            "role_name": "kafka_connector_role",
            "user_name": "confluent"
          },
          "sensitive_attributes": [],
          "private": "bnVsbA==",
          "dependencies": [
            "snowflake_account_role.kafka_connector_role",
            "snowflake_user.confluent_connector_user",
            "tls_private_key.rsa_key"
          ]
        }
      ]
    },
    {
      "mode": "managed",
      "type": "snowflake_grant_privileges_to_account_role",
      "name": "db_permissions",
      "provider": "provider[\"registry.terraform.io/snowflake-labs/snowflake\"]",
      "instances": [
        {
          "schema_version": 0,
          "attributes": {
            "account_role_name": "kafka_connector_role",
            "all_privileges": false,
            "always_apply": false,
            "always_apply_trigger": null,
            "id": "\"kafka_connector_role\"|false|false|USAGE|OnAccountObject|DATABASE|\"PRODUCTION\"",
            "on_account": false,
            "on_account_object": [
              {
                "object_name": "PRODUCTION",
                "object_type": "DATABASE"
              }
            ],
            "on_schema": [],
            "on_schema_object": [],
            "privileges": [
              "USAGE"
            ],
            "with_grant_option": false
          },
          "sensitive_attributes": [],
          "private": "bnVsbA==",
          "dependencies": [
            "snowflake_account_role.kafka_connector_role",
            "snowflake_database.production_db"
          ]
        }
      ]
    },
    {
      "mode": "managed",
      "type": "snowflake_grant_privileges_to_account_role",
      "name": "schema_permissions",
      "provider": "provider[\"registry.terraform.io/snowflake-labs/snowflake\"]",
      "instances": [
        {
          "schema_version": 0,
          "attributes": {
            "account_role_name": "kafka_connector_role",
            "all_privileges": false,
            "always_apply": false,
            "always_apply_trigger": null,
            "id": "\"kafka_connector_role\"|false|false|CREATE TABLE,CREATE STAGE,CREATE PIPE,USAGE|OnSchema|OnSchema|\"PRODUCTION\".\"PUBLIC\"",
            "on_account": false,
            "on_account_object": [],
            "on_schema": [
              {
                "all_schemas_in_database": "",
                "future_schemas_in_database": "",
                "schema_name": "\"PRODUCTION\".\"PUBLIC\""
              }
            ],
            "on_schema_object": [],
            "privileges": [
              "CREATE PIPE",
              "CREATE STAGE",
              "CREATE TABLE",
              "USAGE"
            ],
            "with_grant_option": false
          },
          "sensitive_attributes": [],
          "private": "bnVsbA==",
          "dependencies": [
            "snowflake_account_role.kafka_connector_role",
            "snowflake_database.production_db",
            "snowflake_schema.production_schema"
          ]
        }
      ]
    },
    {
      "mode": "managed",
      "type": "snowflake_schema",
      "name": "production_schema",
      "provider": "provider[\"registry.terraform.io/snowflake-labs/snowflake\"]",
      "instances": [
        {
          "schema_version": 2,
          "attributes": {
            "catalog": "",
            "comment": "",
            "data_retention_time_in_days": 1,
            "database": "PRODUCTION",
            "default_ddl_collation": "",
            "describe_output": [],
            "enable_console_output": false,
            "external_volume": "",
            "fully_qualified_name": "\"PRODUCTION\".\"PUBLIC\"",
            "id": "\"PRODUCTION\".\"PUBLIC\"",
            "is_transient": "default",
            "log_level": "OFF",
            "max_data_extension_time_in_days": 14,
            "name": "PUBLIC",
            "parameters": [
              {
                "catalog": [
                  {
                    "default": "",
                    "description": "Name of the catalog integration to use for iceberg tables",
                    "key": "CATALOG",
                    "level": "",
                    "value": ""
                  }
                ],
                "data_retention_time_in_days": [
                  {
                    "default": "1",
                    "description": "number of days to retain the old version of deleted/updated data",
                    "key": "DATA_RETENTION_TIME_IN_DAYS",
                    "level": "",
                    "value": "1"
                  }
                ],
                "default_ddl_collation": [
                  {
                    "default": "",
                    "description": "Collation that is used for all the new columns created by the DDL statements (if not specified)",
                    "key": "DEFAULT_DDL_COLLATION",
                    "level": "",
                    "value": ""
                  }
                ],
                "enable_console_output": [
                  {
                    "default": "false",
                    "description": "Enable stdout/stderr fast path logging for anonyous stored procs. This is a public parameter (similar to LOG_LEVEL).",
                    "key": "ENABLE_CONSOLE_OUTPUT",
                    "level": "",
                    "value": "false"
                  }
                ],
                "external_volume": [
                  {
                    "default": "",
                    "description": "Name of an external volume that will be used for persisted Iceberg metadata and data files.",
                    "key": "EXTERNAL_VOLUME",
                    "level": "",
                    "value": ""
                  }
                ],
                "log_level": [
                  {
                    "default": "OFF",
                    "description": "LOG_LEVEL to use when filtering events",
                    "key": "LOG_LEVEL",
                    "level": "",
                    "value": "OFF"
                  }
                ],
                "max_data_extension_time_in_days": [
                  {
                    "default": "14",
                    "description": "Maximum number of days to extend data retention beyond the retention period to prevent a stream becoming stale.",
                    "key": "MAX_DATA_EXTENSION_TIME_IN_DAYS",
                    "level": "",
                    "value": "14"
                  }
                ],
                "pipe_execution_paused": [
                  {
                    "default": "false",
                    "description": "Pause processing of files for a pipe",
                    "key": "PIPE_EXECUTION_PAUSED",
                    "level": "",
                    "value": "false"
                  }
                ],
                "quoted_identifiers_ignore_case": [
                  {
                    "default": "false",
                    "description": "If true, the case of quoted identifiers is ignored",
                    "key": "QUOTED_IDENTIFIERS_IGNORE_CASE",
                    "level": "",
                    "value": "false"
                  }
                ],
                "replace_invalid_characters": [
                  {
                    "default": "false",
                    "description": "Replace invalid UTF-8 characters found in Iceberg table external data files with the Unicode replacement character",
                    "key": "REPLACE_INVALID_CHARACTERS",
                    "level": "",
                    "value": "false"
                  }
                ],
                "storage_serialization_policy": [
                  {
                    "default": "OPTIMIZED",
                    "description": "Storage serialization policy used for managed Iceberg table. This include encodings and compressions",
                    "key": "STORAGE_SERIALIZATION_POLICY",
                    "level": "",
                    "value": "OPTIMIZED"
                  }
                ],
                "suspend_task_after_num_failures": [
                  {
                    "default": "10",
                    "description": "How many times a task must fail in a row before it is automatically suspended. 0 disables auto-suspending.",
                    "key": "SUSPEND_TASK_AFTER_NUM_FAILURES",
                    "level": "",
                    "value": "10"
                  }
                ],
                "task_auto_retry_attempts": [
                  {
                    "default": "0",
                    "description": "Maximum Automatic Retries Allowed For A User Task",
                    "key": "TASK_AUTO_RETRY_ATTEMPTS",
                    "level": "",
                    "value": "0"
                  }
                ],
                "trace_level": [
                  {
                    "default": "OFF",
                    "description": "Trace level value to use when generating/filtering trace events",
                    "key": "TRACE_LEVEL",
                    "level": "",
                    "value": "OFF"
                  }
                ],
                "user_task_managed_initial_warehouse_size": [
                  {
                    "default": "Medium",
                    "description": "The initial size of warehouse to use for managed warehouses in the absence of history",
                    "key": "USER_TASK_MANAGED_INITIAL_WAREHOUSE_SIZE",
                    "level": "",
                    "value": "Medium"
                  }
                ],
                "user_task_minimum_trigger_interval_in_seconds": [
                  {
                    "default": "30",
                    "description": "Minimum amount of time between Triggered Task executions in seconds",
                    "key": "USER_TASK_MINIMUM_TRIGGER_INTERVAL_IN_SECONDS",
                    "level": "",
                    "value": "30"
                  }
                ],
                "user_task_timeout_ms": [
                  {
                    "default": "3600000",
                    "description": "User task execution timeout in milliseconds",
                    "key": "USER_TASK_TIMEOUT_MS",
                    "level": "",
                    "value": "3600000"
                  }
                ]
              }
            ],
            "pipe_execution_paused": false,
            "quoted_identifiers_ignore_case": false,
            "replace_invalid_characters": false,
            "show_output": [
              {
                "comment": "",
                "created_on": "2024-10-23 03:35:40.219 -0700 PDT",
                "database_name": "PRODUCTION",
                "dropped_on": "0001-01-01 00:00:00 +0000 UTC",
                "is_current": false,
                "is_default": false,
                "name": "PUBLIC",
                "options": "",
                "owner": "ACCOUNTADMIN",
                "owner_role_type": "ROLE",
                "retention_time": "1"
              }
            ],
            "storage_serialization_policy": "OPTIMIZED",
            "suspend_task_after_num_failures": 10,
            "task_auto_retry_attempts": 0,
            "trace_level": "OFF",
            "user_task_managed_initial_warehouse_size": "Medium",
            "user_task_minimum_trigger_interval_in_seconds": 30,
            "user_task_timeout_ms": 3600000,
            "with_managed_access": "default"
          },
          "sensitive_attributes": [],
          "private": "eyJzY2hlbWFfdmVyc2lvbiI6IjIifQ==",
          "dependencies": [
            "snowflake_database.production_db"
          ]
        }
      ]
    },
    {
      "mode": "managed",
      "type": "snowflake_user",
      "name": "confluent_connector_user",
      "provider": "provider[\"registry.terraform.io/snowflake-labs/snowflake\"]",
      "instances": [
        {
          "schema_version": 1,
          "attributes": {
            "abort_detached_query": false,
            "autocommit": true,
            "binary_input_format": "HEX",
            "binary_output_format": "HEX",
            "client_memory_limit": 1536,
            "client_metadata_request_use_connection_ctx": false,
            "client_prefetch_threads": 4,
            "client_result_chunk_size": 160,
            "client_result_column_case_insensitive": false,
            "client_session_keep_alive": false,
            "client_session_keep_alive_heartbeat_frequency": 3600,
            "client_timestamp_type_mapping": "TIMESTAMP_LTZ",
            "comment": null,
            "date_input_format": "AUTO",
            "date_output_format": "YYYY-MM-DD",
            "days_to_expiry": null,
            "default_namespace": null,
            "default_role": "kafka_connector_role",
            "default_secondary_roles_option": "DEFAULT",
            "default_warehouse": null,
            "disable_mfa": "default",
            "disabled": "default",
            "display_name": null,
            "email": null,
            "enable_unload_physical_type_optimization": true,
            "enable_unredacted_query_syntax_error": false,
            "error_on_nondeterministic_merge": true,
            "error_on_nondeterministic_update": false,
            "first_name": null,
            "fully_qualified_name": "\"confluent\"",
            "geography_output_format": "GeoJSON",
            "geometry_output_format": "GeoJSON",
            "id": "confluent",
            "jdbc_treat_decimal_as_int": true,
            "jdbc_treat_timestamp_ntz_as_utc": false,
            "jdbc_use_session_timezone": true,
            "json_indent": 2,
            "last_name": null,
            "lock_timeout": 43200,
            "log_level": "OFF",
            "login_name": null,
            "middle_name": null,
            "mins_to_bypass_mfa": -1,
            "mins_to_unlock": -1,
            "multi_statement_count": 1,
            "must_change_password": "default",
            "name": "confluent",
            "network_policy": "",
            "noorder_sequence_as_default": true,
            "odbc_treat_decimal_as_int": false,
            "parameters": [
              {
                "abort_detached_query": [
                  {
                    "default": "false",
                    "description": "If true, Snowflake will automatically abort queries when it detects that the client has disappeared.",
                    "key": "ABORT_DETACHED_QUERY",
                    "level": "",
                    "value": "false"
                  }
                ],
                "autocommit": [
                  {
                    "default": "true",
                    "description": "The autocommit property determines whether is statement should to be implicitly\nwrapped within a transaction or not. If autocommit is set to true, then a \nstatement that requires a transaction is executed within a transaction \nimplicitly. If autocommit is off then an explicit commit or rollback is required\nto close a transaction. The default autocommit value is true.",
                    "key": "AUTOCOMMIT",
                    "level": "",
                    "value": "true"
                  }
                ],
                "binary_input_format": [
                  {
                    "default": "HEX",
                    "description": "input format for binary",
                    "key": "BINARY_INPUT_FORMAT",
                    "level": "",
                    "value": "HEX"
                  }
                ],
                "binary_output_format": [
                  {
                    "default": "HEX",
                    "description": "display format for binary",
                    "key": "BINARY_OUTPUT_FORMAT",
                    "level": "",
                    "value": "HEX"
                  }
                ],
                "client_memory_limit": [
                  {
                    "default": "1536",
                    "description": "Limit the amount of memory used by the client in MB",
                    "key": "CLIENT_MEMORY_LIMIT",
                    "level": "",
                    "value": "1536"
                  }
                ],
                "client_metadata_request_use_connection_ctx": [
                  {
                    "default": "false",
                    "description": "For client metadata request(getTables()), use session catalog and schema if set to true",
                    "key": "CLIENT_METADATA_REQUEST_USE_CONNECTION_CTX",
                    "level": "",
                    "value": "false"
                  }
                ],
                "client_prefetch_threads": [
                  {
                    "default": "4",
                    "description": "Customer parameter to control threads, 0=auto",
                    "key": "CLIENT_PREFETCH_THREADS",
                    "level": "",
                    "value": "4"
                  }
                ],
                "client_result_chunk_size": [
                  {
                    "default": "160",
                    "description": "Set the max result chunk size in MB on the client side",
                    "key": "CLIENT_RESULT_CHUNK_SIZE",
                    "level": "",
                    "value": "160"
                  }
                ],
                "client_result_column_case_insensitive": [
                  {
                    "default": "false",
                    "description": "Column name search is case insensitive in clients",
                    "key": "CLIENT_RESULT_COLUMN_CASE_INSENSITIVE",
                    "level": "",
                    "value": "false"
                  }
                ],
                "client_session_keep_alive": [
                  {
                    "default": "false",
                    "description": "If true, client session will not expire automatically",
                    "key": "CLIENT_SESSION_KEEP_ALIVE",
                    "level": "",
                    "value": "false"
                  }
                ],
                "client_session_keep_alive_heartbeat_frequency": [
                  {
                    "default": "3600",
                    "description": "Heartbeat frequency in seconds for CLIENT_SESSION_KEEP_ALIVE.",
                    "key": "CLIENT_SESSION_KEEP_ALIVE_HEARTBEAT_FREQUENCY",
                    "level": "",
                    "value": "3600"
                  }
                ],
                "client_timestamp_type_mapping": [
                  {
                    "default": "TIMESTAMP_LTZ",
                    "description": "If a variable is bound to the TIMESTAMP data type using the bind API, determines which TIMESTAMP* type it should map to:\n  TIMESTAMP_LTZ (default), TIMESTAMP_NTZ",
                    "key": "CLIENT_TIMESTAMP_TYPE_MAPPING",
                    "level": "",
                    "value": "TIMESTAMP_LTZ"
                  }
                ],
                "date_input_format": [
                  {
                    "default": "AUTO",
                    "description": "input format for date",
                    "key": "DATE_INPUT_FORMAT",
                    "level": "",
                    "value": "AUTO"
                  }
                ],
                "date_output_format": [
                  {
                    "default": "YYYY-MM-DD",
                    "description": "display format for date",
                    "key": "DATE_OUTPUT_FORMAT",
                    "level": "",
                    "value": "YYYY-MM-DD"
                  }
                ],
                "enable_unload_physical_type_optimization": [
                  {
                    "default": "true",
                    "description": "Enable physical-type optimizations used in Snowflake to affect the Parquet output",
                    "key": "ENABLE_UNLOAD_PHYSICAL_TYPE_OPTIMIZATION",
                    "level": "",
                    "value": "true"
                  }
                ],
                "enable_unredacted_query_syntax_error": [
                  {
                    "default": "false",
                    "description": "Enable View Malformed SQL Text feature when parse error occurs",
                    "key": "ENABLE_UNREDACTED_QUERY_SYNTAX_ERROR",
                    "level": "",
                    "value": "false"
                  }
                ],
                "error_on_nondeterministic_merge": [
                  {
                    "default": "true",
                    "description": "raise an error when attempting to merge-update a row that joins many rows",
                    "key": "ERROR_ON_NONDETERMINISTIC_MERGE",
                    "level": "",
                    "value": "true"
                  }
                ],
                "error_on_nondeterministic_update": [
                  {
                    "default": "false",
                    "description": "raise an error when attempting to update a row that joins many rows",
                    "key": "ERROR_ON_NONDETERMINISTIC_UPDATE",
                    "level": "",
                    "value": "false"
                  }
                ],
                "geography_output_format": [
                  {
                    "default": "GeoJSON",
                    "description": "GEOGRAPHY display format: GeoJSON, WKT, or WKB(case-insensitive)",
                    "key": "GEOGRAPHY_OUTPUT_FORMAT",
                    "level": "",
                    "value": "GeoJSON"
                  }
                ],
                "geometry_output_format": [
                  {
                    "default": "GeoJSON",
                    "description": "GEOMETRY display format: GeoJSON, WKT, or WKB(case-insensitive)",
                    "key": "GEOMETRY_OUTPUT_FORMAT",
                    "level": "",
                    "value": "GeoJSON"
                  }
                ],
                "jdbc_treat_decimal_as_int": [
                  {
                    "default": "true",
                    "description": "When scale is 0, whether to treat Decimal as Int in JDBC",
                    "key": "JDBC_TREAT_DECIMAL_AS_INT",
                    "level": "",
                    "value": "true"
                  }
                ],
                "jdbc_treat_timestamp_ntz_as_utc": [
                  {
                    "default": "false",
                    "description": "When true, Timestamp_NTZ values are always stored in UTC timezone",
                    "key": "JDBC_TREAT_TIMESTAMP_NTZ_AS_UTC",
                    "level": "",
                    "value": "false"
                  }
                ],
                "jdbc_use_session_timezone": [
                  {
                    "default": "true",
                    "description": "When true, JDBC driver will not display timezone offset between JVM and session.",
                    "key": "JDBC_USE_SESSION_TIMEZONE",
                    "level": "",
                    "value": "true"
                  }
                ],
                "json_indent": [
                  {
                    "default": "2",
                    "description": "Width of indentation in JSON output (0 for compact)",
                    "key": "JSON_INDENT",
                    "level": "",
                    "value": "2"
                  }
                ],
                "lock_timeout": [
                  {
                    "default": "43200",
                    "description": "Number of seconds to wait while trying to lock a resource, before timing out \nand aborting the statement. A value of 0 turns off lock waiting i.e. the \nstatement must acquire the lock immediately or abort. If multiple resources \nneed to be locked by the statement, the timeout applies separately to each \nlock attempt.",
                    "key": "LOCK_TIMEOUT",
                    "level": "",
                    "value": "43200"
                  }
                ],
                "log_level": [
                  {
                    "default": "OFF",
                    "description": "LOG_LEVEL to use when filtering events",
                    "key": "LOG_LEVEL",
                    "level": "",
                    "value": "OFF"
                  }
                ],
                "multi_statement_count": [
                  {
                    "default": "1",
                    "description": "Number of statement included in submitted query text.\nThis parameter is submitted by user to avoid sql injection.\nValue 1 means one statement, value \u003e 1 means n statement\ncan be executed, if not equal to the value will raise the\nexception. Value 0 means any number of statement can be\n executed",
                    "key": "MULTI_STATEMENT_COUNT",
                    "level": "",
                    "value": "1"
                  }
                ],
                "network_policy": [
                  {
                    "default": "",
                    "description": "Network policy assigned for the given target.",
                    "key": "NETWORK_POLICY",
                    "level": "",
                    "value": ""
                  }
                ],
                "noorder_sequence_as_default": [
                  {
                    "default": "true",
                    "description": "Whether we make NOORDER the default option for creating new sequences",
                    "key": "NOORDER_SEQUENCE_AS_DEFAULT",
                    "level": "",
                    "value": "true"
                  }
                ],
                "odbc_treat_decimal_as_int": [
                  {
                    "default": "false",
                    "description": "When scale is 0, whether to treat Decimal as Int in ODBC",
                    "key": "ODBC_TREAT_DECIMAL_AS_INT",
                    "level": "",
                    "value": "false"
                  }
                ],
                "prevent_unload_to_internal_stages": [
                  {
                    "default": "false",
                    "description": "Prevent unload sensitive data to non-external stages (user stage, table stage, named stage).",
                    "key": "PREVENT_UNLOAD_TO_INTERNAL_STAGES",
                    "level": "",
                    "value": "false"
                  }
                ],
                "query_tag": [
                  {
                    "default": "",
                    "description": "String (up to 2000 characters) used to tag statements executed by the session",
                    "key": "QUERY_TAG",
                    "level": "",
                    "value": ""
                  }
                ],
                "quoted_identifiers_ignore_case": [
                  {
                    "default": "false",
                    "description": "If true, the case of quoted identifiers is ignored",
                    "key": "QUOTED_IDENTIFIERS_IGNORE_CASE",
                    "level": "",
                    "value": "false"
                  }
                ],
                "rows_per_resultset": [
                  {
                    "default": "0",
                    "description": "maxium number of rows in a result set",
                    "key": "ROWS_PER_RESULTSET",
                    "level": "",
                    "value": "0"
                  }
                ],
                "s3_stage_vpce_dns_name": [
                  {
                    "default": "",
                    "description": "S3 VPCE DNS name to access internal stage bucket over privatelink",
                    "key": "S3_STAGE_VPCE_DNS_NAME",
                    "level": "",
                    "value": ""
                  }
                ],
                "search_path": [
                  {
                    "default": "$current, $public",
                    "description": "Search path for unqualified object references.",
                    "key": "SEARCH_PATH",
                    "level": "",
                    "value": "$current, $public"
                  }
                ],
                "simulated_data_sharing_consumer": [
                  {
                    "default": "",
                    "description": "Data sharing views will return rows as if executed in the specified consumer account.",
                    "key": "SIMULATED_DATA_SHARING_CONSUMER",
                    "level": "",
                    "value": ""
                  }
                ],
                "statement_queued_timeout_in_seconds": [
                  {
                    "default": "0",
                    "description": "Timeout in seconds for queued statements: statements will automatically be canceled if they are queued on a warehouse for longer than this amount of time; disabled if set to zero.",
                    "key": "STATEMENT_QUEUED_TIMEOUT_IN_SECONDS",
                    "level": "",
                    "value": "0"
                  }
                ],
                "statement_timeout_in_seconds": [
                  {
                    "default": "172800",
                    "description": "Timeout in seconds for statements: statements are automatically canceled if they run for longer; if set to zero, max value (604800) is enforced.",
                    "key": "STATEMENT_TIMEOUT_IN_SECONDS",
                    "level": "",
                    "value": "172800"
                  }
                ],
                "strict_json_output": [
                  {
                    "default": "false",
                    "description": "JSON output is strictly compliant to the specification",
                    "key": "STRICT_JSON_OUTPUT",
                    "level": "",
                    "value": "false"
                  }
                ],
                "time_input_format": [
                  {
                    "default": "AUTO",
                    "description": "input format for time",
                    "key": "TIME_INPUT_FORMAT",
                    "level": "",
                    "value": "AUTO"
                  }
                ],
                "time_output_format": [
                  {
                    "default": "HH24:MI:SS",
                    "description": "display format for time",
                    "key": "TIME_OUTPUT_FORMAT",
                    "level": "",
                    "value": "HH24:MI:SS"
                  }
                ],
                "timestamp_day_is_always_24h": [
                  {
                    "default": "false",
                    "description": "If set, arithmetic on days always uses 24 hours per day,\npossibly not preserving the time (due to DST changes)",
                    "key": "TIMESTAMP_DAY_IS_ALWAYS_24H",
                    "level": "",
                    "value": "false"
                  }
                ],
                "timestamp_input_format": [
                  {
                    "default": "AUTO",
                    "description": "input format for timestamp",
                    "key": "TIMESTAMP_INPUT_FORMAT",
                    "level": "",
                    "value": "AUTO"
                  }
                ],
                "timestamp_ltz_output_format": [
                  {
                    "default": "",
                    "description": "Display format for TIMESTAMP_LTZ values. If empty, TIMESTAMP_OUTPUT_FORMAT is used.",
                    "key": "TIMESTAMP_LTZ_OUTPUT_FORMAT",
                    "level": "",
                    "value": ""
                  }
                ],
                "timestamp_ntz_output_format": [
                  {
                    "default": "YYYY-MM-DD HH24:MI:SS.FF3",
                    "description": "Display format for TIMESTAMP_NTZ values. If empty, TIMESTAMP_OUTPUT_FORMAT is used.",
                    "key": "TIMESTAMP_NTZ_OUTPUT_FORMAT",
                    "level": "",
                    "value": "YYYY-MM-DD HH24:MI:SS.FF3"
                  }
                ],
                "timestamp_output_format": [
                  {
                    "default": "YYYY-MM-DD HH24:MI:SS.FF3 TZHTZM",
                    "description": "Default display format for all timestamp types.",
                    "key": "TIMESTAMP_OUTPUT_FORMAT",
                    "level": "",
                    "value": "YYYY-MM-DD HH24:MI:SS.FF3 TZHTZM"
                  }
                ],
                "timestamp_type_mapping": [
                  {
                    "default": "TIMESTAMP_NTZ",
                    "description": "If TIMESTAMP type is used, what specific TIMESTAMP* type it should map to:\n  TIMESTAMP_LTZ, TIMESTAMP_NTZ (default) or TIMESTAMP_TZ",
                    "key": "TIMESTAMP_TYPE_MAPPING",
                    "level": "",
                    "value": "TIMESTAMP_NTZ"
                  }
                ],
                "timestamp_tz_output_format": [
                  {
                    "default": "",
                    "description": "Display format for TIMESTAMP_TZ values. If empty, TIMESTAMP_OUTPUT_FORMAT is used.",
                    "key": "TIMESTAMP_TZ_OUTPUT_FORMAT",
                    "level": "",
                    "value": ""
                  }
                ],
                "timezone": [
                  {
                    "default": "America/Los_Angeles",
                    "description": "time zone",
                    "key": "TIMEZONE",
                    "level": "",
                    "value": "America/Los_Angeles"
                  }
                ],
                "trace_level": [
                  {
                    "default": "OFF",
                    "description": "Trace level value to use when generating/filtering trace events",
                    "key": "TRACE_LEVEL",
                    "level": "",
                    "value": "OFF"
                  }
                ],
                "transaction_abort_on_error": [
                  {
                    "default": "false",
                    "description": "If this parameter is true, and a statement issued within a non-autocommit\ntransaction returns with an error, then the non-autocommit transaction is\naborted. All statements issued inside that transaction will fail until an\ncommit or rollback statement is executed to close that transaction.",
                    "key": "TRANSACTION_ABORT_ON_ERROR",
                    "level": "",
                    "value": "false"
                  }
                ],
                "transaction_default_isolation_level": [
                  {
                    "default": "READ COMMITTED",
                    "description": "The default isolation level when starting a starting a transaction, when no\nisolation level was specified",
                    "key": "TRANSACTION_DEFAULT_ISOLATION_LEVEL",
                    "level": "",
                    "value": "READ COMMITTED"
                  }
                ],
                "two_digit_century_start": [
                  {
                    "default": "1970",
                    "description": "For 2-digit dates, defines a century-start year.\nFor example, when set to 1980:\n  - parsing a string '79' will produce 2079\n  - parsing a string '80' will produce 1980",
                    "key": "TWO_DIGIT_CENTURY_START",
                    "level": "",
                    "value": "1970"
                  }
                ],
                "unsupported_ddl_action": [
                  {
                    "default": "ignore",
                    "description": "The action to take upon encountering an unsupported ddl statement",
                    "key": "UNSUPPORTED_DDL_ACTION",
                    "level": "",
                    "value": "ignore"
                  }
                ],
                "use_cached_result": [
                  {
                    "default": "true",
                    "description": "If enabled, query results can be reused between successive invocations of the same query as long as the original result has not expired",
                    "key": "USE_CACHED_RESULT",
                    "level": "",
                    "value": "true"
                  }
                ],
                "week_of_year_policy": [
                  {
                    "default": "0",
                    "description": "Defines the policy of assigning weeks to years:\n0: the week needs to have 4 days in a given year;\n1: a week with January 1st always belongs to a given year.",
                    "key": "WEEK_OF_YEAR_POLICY",
                    "level": "",
                    "value": "0"
                  }
                ],
                "week_start": [
                  {
                    "default": "0",
                    "description": "Defines the first day of the week:\n0: legacy Snowflake behavior; 1: Monday .. 7: Sunday.",
                    "key": "WEEK_START",
                    "level": "",
                    "value": "0"
                  }
                ]
              }
            ],
            "password": null,
            "prevent_unload_to_internal_stages": false,
            "query_tag": "",
            "quoted_identifiers_ignore_case": false,
            "rows_per_resultset": 0,
            "rsa_public_key": "\nMIIBIjANBgkqhkiG9w0BAQEFAAOCAQ8AMIIBCgKCAQEAqfWaeqkdz1fI7sbukjrD\nhA3n4VbC6xpXhkggemG/bP1muZXngqPK7V6PHX6d4bV4IO4xyXjsERoaFN4iGG3I\n2B3hn0e9PpHZH33QN1TSla7AlycYOz3lXCPCH+o9nRhrrCAfrzc+gCTzh2POiwJP\n7OMSEZw5wufJzCU+3RtWQ6C82VaDq6nACOX7oAhYkyFHgJXz5D/LltJLFlqdqt80\np9jIodCMHI9JG1nH7R5f+GGtnTNqu20tb8JvBuxryKPAosAA5iytbtoptKujj262\nAk6QsVeCzkYw5shBzOzsrCK5QBjCGtzLxh4rQMl50TI5qIKM1/wFK24IJDcLsBht\nfQIDAQAB\n\n",
            "rsa_public_key_2": null,
            "s3_stage_vpce_dns_name": "",
            "search_path": "$current, $public",
            "show_output": [
              {
                "comment": "",
                "created_on": "2024-10-23 03:35:42.793 -0700 PDT",
                "days_to_expiry": "",
                "default_namespace": "",
                "default_role": "kafka_connector_role",
                "default_secondary_roles": "",
                "default_warehouse": "",
                "disabled": false,
                "display_name": "confluent",
                "email": "",
                "expires_at_time": "0001-01-01 00:00:00 +0000 UTC",
                "ext_authn_duo": false,
                "ext_authn_uid": "",
                "first_name": "",
                "has_mfa": false,
                "has_password": false,
                "has_rsa_public_key": true,
                "last_name": "",
                "last_success_login": "0001-01-01 00:00:00 +0000 UTC",
                "locked_until_time": "0001-01-01 00:00:00 +0000 UTC",
                "login_name": "CONFLUENT",
                "mins_to_bypass_mfa": "",
                "mins_to_unlock": "",
                "must_change_password": false,
                "name": "confluent",
                "owner": "ACCOUNTADMIN",
                "snowflake_lock": false,
                "type": ""
              }
            ],
            "simulated_data_sharing_consumer": "",
            "statement_queued_timeout_in_seconds": 0,
            "statement_timeout_in_seconds": 172800,
            "strict_json_output": false,
            "time_input_format": "AUTO",
            "time_output_format": "HH24:MI:SS",
            "timestamp_day_is_always_24h": false,
            "timestamp_input_format": "AUTO",
            "timestamp_ltz_output_format": "",
            "timestamp_ntz_output_format": "YYYY-MM-DD HH24:MI:SS.FF3",
            "timestamp_output_format": "YYYY-MM-DD HH24:MI:SS.FF3 TZHTZM",
            "timestamp_type_mapping": "TIMESTAMP_NTZ",
            "timestamp_tz_output_format": "",
            "timezone": "America/Los_Angeles",
            "trace_level": "OFF",
            "transaction_abort_on_error": false,
            "transaction_default_isolation_level": "READ COMMITTED",
            "two_digit_century_start": 1970,
            "unsupported_ddl_action": "ignore",
            "use_cached_result": true,
            "user_type": "",
            "week_of_year_policy": 0,
            "week_start": 0
          },
          "sensitive_attributes": [
            [
              {
                "type": "get_attr",
                "value": "first_name"
              }
            ],
            [
              {
                "type": "get_attr",
                "value": "login_name"
              }
            ],
            [
              {
                "type": "get_attr",
                "value": "last_name"
              }
            ],
            [
              {
                "type": "get_attr",
                "value": "middle_name"
              }
            ],
            [
              {
                "type": "get_attr",
                "value": "password"
              }
            ],
            [
              {
                "type": "get_attr",
                "value": "email"
              }
            ]
          ],
          "private": "eyJzY2hlbWFfdmVyc2lvbiI6IjEifQ==",
          "dependencies": [
            "snowflake_account_role.kafka_connector_role",
            "tls_private_key.rsa_key"
          ]
        }
      ]
    },
    {
      "mode": "managed",
      "type": "tls_private_key",
      "name": "rsa_key",
      "provider": "provider[\"registry.terraform.io/hashicorp/tls\"]",
      "instances": [
        {
          "schema_version": 1,
          "attributes": {
            "algorithm": "RSA",
            "ecdsa_curve": "P224",
            "id": "6096f0b863af36efe25abda934d5b0345c493d4c",
            "private_key_openssh": "-----BEGIN OPENSSH PRIVATE KEY-----\nb3BlbnNzaC1rZXktdjEAAAAABG5vbmUAAAAEbm9uZQAAAAAAAAABAAABFwAAAAdz\nc2gtcnNhAAAAAwEAAQAAAQEAqfWaeqkdz1fI7sbukjrDhA3n4VbC6xpXhkggemG/\nbP1muZXngqPK7V6PHX6d4bV4IO4xyXjsERoaFN4iGG3I2B3hn0e9PpHZH33QN1TS\nla7AlycYOz3lXCPCH+o9nRhrrCAfrzc+gCTzh2POiwJP7OMSEZw5wufJzCU+3RtW\nQ6C82VaDq6nACOX7oAhYkyFHgJXz5D/LltJLFlqdqt80p9jIodCMHI9JG1nH7R5f\n+GGtnTNqu20tb8JvBuxryKPAosAA5iytbtoptKujj262Ak6QsVeCzkYw5shBzOzs\nrCK5QBjCGtzLxh4rQMl50TI5qIKM1/wFK24IJDcLsBhtfQAAA7gTf27aE39u2gAA\nAAdzc2gtcnNhAAABAQCp9Zp6qR3PV8juxu6SOsOEDefhVsLrGleGSCB6Yb9s/Wa5\nleeCo8rtXo8dfp3htXgg7jHJeOwRGhoU3iIYbcjYHeGfR70+kdkffdA3VNKVrsCX\nJxg7PeVcI8If6j2dGGusIB+vNz6AJPOHY86LAk/s4xIRnDnC58nMJT7dG1ZDoLzZ\nVoOrqcAI5fugCFiTIUeAlfPkP8uW0ksWWp2q3zSn2Mih0Iwcj0kbWcftHl/4Ya2d\nM2q7bS1vwm8G7GvIo8CiwADmLK1u2im0q6OPbrYCTpCxV4LORjDmyEHM7OysIrlA\nGMIa3MvGHitAyXnRMjmogozX/AUrbggkNwuwGG19AAAAAwEAAQAAAQEApFD4fjh8\nwpZrhDa+NpArsMNE+P5JysUX85JOHCPez7+aDjkYr5wtuBogoXJlr+8jair/5XpM\nOSiUKLKuIhIaCJ+zH6xbEWAum5ymrqgKRH7EYh6A9d2cnt1PdE2iLfyLNMmF+H+f\npIKVE8Nxz8F3hl3ufSoeSgqQdhdYVKp2V0A+8ybs6AMAnx28Y7a64rjQ17g8cNUt\nljjKCrfYZ2hhdY41GwoZKRWI4nUmy1nonjJ9wqRyK1lEb1niYx033po0kcj7Sax2\nnH5nXEP3eAu/5jm+2CE6HpgzKFNRedlN5lojjC+yHAgcfo/oKL+fEhbApmNkSsWX\nyiZB+EIZ24Pc/QAAAH814ojvJ5pdaIgVqW8YIF0gpppBIbQJUdvRMDzuGc55TGVk\nO9oTUMzGlkYjXsje37wgWhql0/wGHTK1oufiotw0epMweqR0iIyaXxMmBIQ/jMru\nhHSb+eBBdlO8u/SQnbw5qJXyMD2pmynTOk4x3gJXcipMgWIJWwoa6TXxBRC6AAAA\ngQDc+1xiGWUm7DBDPt0UcQ6hLVPeuQlcAD9aX4xmnLhHHJWFVPUesEdsqd8wSAaE\ncaoiLn0YI2T6eZn1J1rr38sPcrvnB6hLGsIuOHlmNTVrNr9Ov7UatRECh4yPvQKX\ntXHyUZDWenhVQKgUvnrBPKkNw4D2N/HV8HHsrxFuN+mKgwAAAIEAxORlzlQXbr+q\n3adn4o6bDainif2s7eZUKyKml0h1hnJnZJqPZT+l9v0EE3eYm20CAiAAYgErAenS\nWFvTmo1ijUj+xoz64tkMkalxVKUbSOeFKygok8Z35njWxMa+5Sw/xvmSfBYBfytC\nUfbJkHLdRa74dFea4xM4NfwBT+u0p/8AAAAAAQID\n-----END OPENSSH PRIVATE KEY-----\n",
            "private_key_pem": "-----BEGIN RSA PRIVATE KEY-----\nMIIEogIBAAKCAQEAqfWaeqkdz1fI7sbukjrDhA3n4VbC6xpXhkggemG/bP1muZXn\ngqPK7V6PHX6d4bV4IO4xyXjsERoaFN4iGG3I2B3hn0e9PpHZH33QN1TSla7AlycY\nOz3lXCPCH+o9nRhrrCAfrzc+gCTzh2POiwJP7OMSEZw5wufJzCU+3RtWQ6C82VaD\nq6nACOX7oAhYkyFHgJXz5D/LltJLFlqdqt80p9jIodCMHI9JG1nH7R5f+GGtnTNq\nu20tb8JvBuxryKPAosAA5iytbtoptKujj262Ak6QsVeCzkYw5shBzOzsrCK5QBjC\nGtzLxh4rQMl50TI5qIKM1/wFK24IJDcLsBhtfQIDAQABAoIBAQCkUPh+OHzClmuE\nNr42kCuww0T4/knKxRfzkk4cI97Pv5oOORivnC24GiChcmWv7yNqKv/lekw5KJQo\nsq4iEhoIn7MfrFsRYC6bnKauqApEfsRiHoD13Zye3U90TaIt/Is0yYX4f5+kgpUT\nw3HPwXeGXe59Kh5KCpB2F1hUqnZXQD7zJuzoAwCfHbxjtrriuNDXuDxw1S2WOMoK\nt9hnaGF1jjUbChkpFYjidSbLWeieMn3CpHIrWURvWeJjHTfemjSRyPtJrHacfmdc\nQ/d4C7/mOb7YIToemDMoU1F52U3mWiOML7IcCBx+j+gov58SFsCmY2RKxZfKJkH4\nQhnbg9z9AoGBANz7XGIZZSbsMEM+3RRxDqEtU965CVwAP1pfjGacuEcclYVU9R6w\nR2yp3zBIBoRxqiIufRgjZPp5mfUnWuvfyw9yu+cHqEsawi44eWY1NWs2v06/tRq1\nEQKHjI+9Ape1cfJRkNZ6eFVAqBS+esE8qQ3DgPY38dXwceyvEW436YqDAoGBAMTk\nZc5UF26/qt2nZ+KOmw2op4n9rO3mVCsippdIdYZyZ2Saj2U/pfb9BBN3mJttAgIg\nAGIBKwHp0lhb05qNYo1I/saM+uLZDJGpcVSlG0jnhSsoKJPGd+Z41sTGvuUsP8b5\nknwWAX8rQlH2yZBy3UWu+HRXmuMTODX8AU/rtKf/AoGAbg3leZnKLbNNagAh3K9d\nqNnJPlALID2jT5/sbaI5iHjs4mVoWmtSdwS2+fW1ATsWj0V12ZKvFKuBCH4cIwLm\nv3/Vov7GSvk9ogVQOJ3hR88RQefqCy4IFalqUJ/CbcnYwOTsbFS8H0E/NG2U9y39\nx7QJQxajo3fHVSfvV2QTNH8CgYEArUaEAg0ngiPT77YASvZNpruilmJV6hgmQr//\n9GukYmoUbAlJ4UUefjs1dxxthXttpQkczSNSAiERKQnHM+Dxtn1jGsG/mhyCXz7L\nqj6TwJlgLRbufv7PTllSSWLPZUiH6EiDjgif0Jb1isSxpxoveb/+kAT5HpYvhfL+\nBKPfHWkCfzXiiO8nml1oiBWpbxggXSCmmkEhtAlR29EwPO4ZznlMZWQ72hNQzMaW\nRiNeyN7fvCBaGqXT/AYdMrWi5+Ki3DR6kzB6pHSIjJpfEyYEhD+Myu6EdJv54EF2\nU7y79JCdvDmolfIwPambKdM6TjHeAldyKkyBYglbChrpNfEFELo=\n-----END RSA PRIVATE KEY-----\n",
            "private_key_pem_pkcs8": "-----BEGIN PRIVATE KEY-----\nMIIEvAIBADANBgkqhkiG9w0BAQEFAASCBKYwggSiAgEAAoIBAQCp9Zp6qR3PV8ju\nxu6SOsOEDefhVsLrGleGSCB6Yb9s/Wa5leeCo8rtXo8dfp3htXgg7jHJeOwRGhoU\n3iIYbcjYHeGfR70+kdkffdA3VNKVrsCXJxg7PeVcI8If6j2dGGusIB+vNz6AJPOH\nY86LAk/s4xIRnDnC58nMJT7dG1ZDoLzZVoOrqcAI5fugCFiTIUeAlfPkP8uW0ksW\nWp2q3zSn2Mih0Iwcj0kbWcftHl/4Ya2dM2q7bS1vwm8G7GvIo8CiwADmLK1u2im0\nq6OPbrYCTpCxV4LORjDmyEHM7OysIrlAGMIa3MvGHitAyXnRMjmogozX/AUrbggk\nNwuwGG19AgMBAAECggEBAKRQ+H44fMKWa4Q2vjaQK7DDRPj+ScrFF/OSThwj3s+/\nmg45GK+cLbgaIKFyZa/vI2oq/+V6TDkolCiyriISGgifsx+sWxFgLpucpq6oCkR+\nxGIegPXdnJ7dT3RNoi38izTJhfh/n6SClRPDcc/Bd4Zd7n0qHkoKkHYXWFSqdldA\nPvMm7OgDAJ8dvGO2uuK40Ne4PHDVLZY4ygq32GdoYXWONRsKGSkViOJ1JstZ6J4y\nfcKkcitZRG9Z4mMdN96aNJHI+0msdpx+Z1xD93gLv+Y5vtghOh6YMyhTUXnZTeZa\nI4wvshwIHH6P6Ci/nxIWwKZjZErFl8omQfhCGduD3P0CgYEA3PtcYhllJuwwQz7d\nFHEOoS1T3rkJXAA/Wl+MZpy4RxyVhVT1HrBHbKnfMEgGhHGqIi59GCNk+nmZ9Sda\n69/LD3K75weoSxrCLjh5ZjU1aza/Tr+1GrURAoeMj70Cl7Vx8lGQ1np4VUCoFL56\nwTypDcOA9jfx1fBx7K8RbjfpioMCgYEAxORlzlQXbr+q3adn4o6bDainif2s7eZU\nKyKml0h1hnJnZJqPZT+l9v0EE3eYm20CAiAAYgErAenSWFvTmo1ijUj+xoz64tkM\nkalxVKUbSOeFKygok8Z35njWxMa+5Sw/xvmSfBYBfytCUfbJkHLdRa74dFea4xM4\nNfwBT+u0p/8CgYBuDeV5mcots01qACHcr12o2ck+UAsgPaNPn+xtojmIeOziZWha\na1J3BLb59bUBOxaPRXXZkq8Uq4EIfhwjAua/f9Wi/sZK+T2iBVA4neFHzxFB5+oL\nLggVqWpQn8JtydjA5OxsVLwfQT80bZT3Lf3HtAlDFqOjd8dVJ+9XZBM0fwKBgQCt\nRoQCDSeCI9PvtgBK9k2mu6KWYlXqGCZCv//0a6RiahRsCUnhRR5+OzV3HG2Fe22l\nCRzNI1ICIREpCccz4PG2fWMawb+aHIJfPsuqPpPAmWAtFu5+/s9OWVJJYs9lSIfo\nSIOOCJ/QlvWKxLGnGi95v/6QBPkeli+F8v4Eo98daQJ/NeKI7yeaXWiIFalvGCBd\nIKaaQSG0CVHb0TA87hnOeUxlZDvaE1DMxpZGI17I3t+8IFoapdP8Bh0ytaLn4qLc\nNHqTMHqkdIiMml8TJgSEP4zK7oR0m/ngQXZTvLv0kJ28OaiV8jA9qZsp0zpOMd4C\nV3IqTIFiCVsKGuk18QUQug==\n-----END PRIVATE KEY-----\n",
            "public_key_fingerprint_md5": "29:f4:63:0e:e9:fe:83:ca:a6:19:69:af:4e:b9:56:80",
            "public_key_fingerprint_sha256": "SHA256:EcCiBFkcC+J5SkvTeXK1Yj3lGwQekxAVijkl8tNdcaQ",
            "public_key_openssh": "ssh-rsa AAAAB3NzaC1yc2EAAAADAQABAAABAQCp9Zp6qR3PV8juxu6SOsOEDefhVsLrGleGSCB6Yb9s/Wa5leeCo8rtXo8dfp3htXgg7jHJeOwRGhoU3iIYbcjYHeGfR70+kdkffdA3VNKVrsCXJxg7PeVcI8If6j2dGGusIB+vNz6AJPOHY86LAk/s4xIRnDnC58nMJT7dG1ZDoLzZVoOrqcAI5fugCFiTIUeAlfPkP8uW0ksWWp2q3zSn2Mih0Iwcj0kbWcftHl/4Ya2dM2q7bS1vwm8G7GvIo8CiwADmLK1u2im0q6OPbrYCTpCxV4LORjDmyEHM7OysIrlAGMIa3MvGHitAyXnRMjmogozX/AUrbggkNwuwGG19\n",
            "public_key_pem": "-----BEGIN PUBLIC KEY-----\nMIIBIjANBgkqhkiG9w0BAQEFAAOCAQ8AMIIBCgKCAQEAqfWaeqkdz1fI7sbukjrD\nhA3n4VbC6xpXhkggemG/bP1muZXngqPK7V6PHX6d4bV4IO4xyXjsERoaFN4iGG3I\n2B3hn0e9PpHZH33QN1TSla7AlycYOz3lXCPCH+o9nRhrrCAfrzc+gCTzh2POiwJP\n7OMSEZw5wufJzCU+3RtWQ6C82VaDq6nACOX7oAhYkyFHgJXz5D/LltJLFlqdqt80\np9jIodCMHI9JG1nH7R5f+GGtnTNqu20tb8JvBuxryKPAosAA5iytbtoptKujj262\nAk6QsVeCzkYw5shBzOzsrCK5QBjCGtzLxh4rQMl50TI5qIKM1/wFK24IJDcLsBht\nfQIDAQAB\n-----END PUBLIC KEY-----\n",
            "rsa_bits": 2048
          },
          "sensitive_attributes": [
            [
              {
                "type": "get_attr",
                "value": "private_key_openssh"
              }
            ],
            [
              {
                "type": "get_attr",
                "value": "private_key_pem"
              }
            ],
            [
              {
                "type": "get_attr",
                "value": "private_key_pem_pkcs8"
              }
            ]
          ]
        }
      ]
    }
  ],
  "check_results": null
}
